// !$*UTF8*$!
{
	archiveVersion = 1;
	classes = {
	};
	objectVersion = 46;
	objects = {

/* Begin PBXBuildFile section */
		C612324C1AA97DF300CD80E8 /* main.m in Sources */ = {isa = PBXBuildFile; fileRef = C612324B1AA97DF300CD80E8 /* main.m */; };
		C612324F1AA97DF300CD80E8 /* AppDelegate.m in Sources */ = {isa = PBXBuildFile; fileRef = C612324E1AA97DF300CD80E8 /* AppDelegate.m */; };
		C61232521AA97DF300CD80E8 /* ViewController.m in Sources */ = {isa = PBXBuildFile; fileRef = C61232511AA97DF300CD80E8 /* ViewController.m */; };
		C61232551AA97DF300CD80E8 /* Main.storyboard in Resources */ = {isa = PBXBuildFile; fileRef = C61232531AA97DF300CD80E8 /* Main.storyboard */; };
		C61232571AA97DF300CD80E8 /* Images.xcassets in Resources */ = {isa = PBXBuildFile; fileRef = C61232561AA97DF300CD80E8 /* Images.xcassets */; };
		C612325A1AA97DF300CD80E8 /* LaunchScreen.xib in Resources */ = {isa = PBXBuildFile; fileRef = C61232581AA97DF300CD80E8 /* LaunchScreen.xib */; };
		C61232661AA97DF300CD80E8 /* testTests.m in Sources */ = {isa = PBXBuildFile; fileRef = C61232651AA97DF300CD80E8 /* testTests.m */; };
		C63B5A401AF0D77E001456C8 /* TableViewController.swift in Sources */ = {isa = PBXBuildFile; fileRef = C63B5A3E1AF0D77E001456C8 /* TableViewController.swift */; };
		C63B5A411AF0D77E001456C8 /* TableViewController.xib in Resources */ = {isa = PBXBuildFile; fileRef = C63B5A3F1AF0D77E001456C8 /* TableViewController.xib */; };
		C6509CFA1ADF9528001EBA35 /* testswift.swift in Sources */ = {isa = PBXBuildFile; fileRef = C6509CF91ADF9528001EBA35 /* testswift.swift */; };
		C6C545711AF22DED004ADDFA /* CatchCrash.m in Sources */ = {isa = PBXBuildFile; fileRef = C6C5452B1AF22DED004ADDFA /* CatchCrash.m */; };
		C6C545721AF22DED004ADDFA /* WLErrorTipViewController.m in Sources */ = {isa = PBXBuildFile; fileRef = C6C5452D1AF22DED004ADDFA /* WLErrorTipViewController.m */; };
		C6C545731AF22DED004ADDFA /* WLErrorTipViewController.xib in Resources */ = {isa = PBXBuildFile; fileRef = C6C5452E1AF22DED004ADDFA /* WLErrorTipViewController.xib */; };
		C6C545741AF22DED004ADDFA /* LPLabel.m in Sources */ = {isa = PBXBuildFile; fileRef = C6C545311AF22DED004ADDFA /* LPLabel.m */; };
		C6C545751AF22DED004ADDFA /* UITextField+input.m in Sources */ = {isa = PBXBuildFile; fileRef = C6C545331AF22DED004ADDFA /* UITextField+input.m */; };
		C6C545761AF22DED004ADDFA /* UINavigationController+quick.m in Sources */ = {isa = PBXBuildFile; fileRef = C6C545361AF22DED004ADDFA /* UINavigationController+quick.m */; };
		C6C545771AF22DED004ADDFA /* UIViewController+qiuck.m in Sources */ = {isa = PBXBuildFile; fileRef = C6C545381AF22DED004ADDFA /* UIViewController+qiuck.m */; };
		C6C545781AF22DED004ADDFA /* DBinding.m in Sources */ = {isa = PBXBuildFile; fileRef = C6C5453C1AF22DED004ADDFA /* DBinding.m */; };
		C6C545791AF22DED004ADDFA /* DTimer.m in Sources */ = {isa = PBXBuildFile; fileRef = C6C5453E1AF22DED004ADDFA /* DTimer.m */; };
		C6C5457A1AF22DED004ADDFA /* NSArray+quick.m in Sources */ = {isa = PBXBuildFile; fileRef = C6C545401AF22DED004ADDFA /* NSArray+quick.m */; };
		C6C5457B1AF22DED004ADDFA /* NSData+Encryption.m in Sources */ = {isa = PBXBuildFile; fileRef = C6C545421AF22DED004ADDFA /* NSData+Encryption.m */; };
		C6C5457C1AF22DED004ADDFA /* NSDictionary+quick.m in Sources */ = {isa = PBXBuildFile; fileRef = C6C545441AF22DED004ADDFA /* NSDictionary+quick.m */; };
		C6C5457D1AF22DED004ADDFA /* NSObject+quick.m in Sources */ = {isa = PBXBuildFile; fileRef = C6C545461AF22DED004ADDFA /* NSObject+quick.m */; };
		C6C5457E1AF22DED004ADDFA /* NSString+AES.m in Sources */ = {isa = PBXBuildFile; fileRef = C6C545481AF22DED004ADDFA /* NSString+AES.m */; };
		C6C5457F1AF22DED004ADDFA /* NSString+quick.m in Sources */ = {isa = PBXBuildFile; fileRef = C6C5454A1AF22DED004ADDFA /* NSString+quick.m */; };
		C6C545801AF22DED004ADDFA /* NSString+regularExpression.m in Sources */ = {isa = PBXBuildFile; fileRef = C6C5454C1AF22DED004ADDFA /* NSString+regularExpression.m */; };
		C6C545811AF22DED004ADDFA /* SingelObject.m in Sources */ = {isa = PBXBuildFile; fileRef = C6C5454E1AF22DED004ADDFA /* SingelObject.m */; };
		C6C545821AF22DED004ADDFA /* DLayoutBaseView.m in Sources */ = {isa = PBXBuildFile; fileRef = C6C545521AF22DED004ADDFA /* DLayoutBaseView.m */; };
		C6C545831AF22DED004ADDFA /* DGridView.m in Sources */ = {isa = PBXBuildFile; fileRef = C6C545551AF22DED004ADDFA /* DGridView.m */; };
		C6C545841AF22DED004ADDFA /* DStackView.m in Sources */ = {isa = PBXBuildFile; fileRef = C6C545581AF22DED004ADDFA /* DStackView.m */; };
		C6C545851AF22DED004ADDFA /* UIView+layout.m in Sources */ = {isa = PBXBuildFile; fileRef = C6C5455A1AF22DED004ADDFA /* UIView+layout.m */; };
		C6C545861AF22DED004ADDFA /* UIViewExt.m in Sources */ = {isa = PBXBuildFile; fileRef = C6C5455C1AF22DED004ADDFA /* UIViewExt.m */; };
		C6C545871AF22DED004ADDFA /* DWrapView.m in Sources */ = {isa = PBXBuildFile; fileRef = C6C5455F1AF22DED004ADDFA /* DWrapView.m */; };
		C6C545881AF22DED004ADDFA /* pod.txt in Resources */ = {isa = PBXBuildFile; fileRef = C6C545601AF22DED004ADDFA /* pod.txt */; };
		C6C545891AF22DED004ADDFA /* readme.txt in Resources */ = {isa = PBXBuildFile; fileRef = C6C545611AF22DED004ADDFA /* readme.txt */; };
		C6C5458A1AF22DED004ADDFA /* UIAlertView+quick.m in Sources */ = {isa = PBXBuildFile; fileRef = C6C545641AF22DED004ADDFA /* UIAlertView+quick.m */; };
		C6C5458B1AF22DED004ADDFA /* UIButton+quick.m in Sources */ = {isa = PBXBuildFile; fileRef = C6C545661AF22DED004ADDFA /* UIButton+quick.m */; };
		C6C5458C1AF22DED004ADDFA /* UIControl+BlockEvent.m in Sources */ = {isa = PBXBuildFile; fileRef = C6C545681AF22DED004ADDFA /* UIControl+BlockEvent.m */; };
		C6C5458D1AF22DED004ADDFA /* UILabel+init.m in Sources */ = {isa = PBXBuildFile; fileRef = C6C5456A1AF22DED004ADDFA /* UILabel+init.m */; };
		C6C5458E1AF22DED004ADDFA /* UIScrollView+contentSize.m in Sources */ = {isa = PBXBuildFile; fileRef = C6C5456C1AF22DED004ADDFA /* UIScrollView+contentSize.m */; };
		C6C5458F1AF22DED004ADDFA /* UITextField+init.m in Sources */ = {isa = PBXBuildFile; fileRef = C6C5456E1AF22DED004ADDFA /* UITextField+init.m */; };
		C6C545901AF22DED004ADDFA /* UIView+quick.m in Sources */ = {isa = PBXBuildFile; fileRef = C6C545701AF22DED004ADDFA /* UIView+quick.m */; };
/* End PBXBuildFile section */

/* Begin PBXContainerItemProxy section */
		C61232601AA97DF300CD80E8 /* PBXContainerItemProxy */ = {
			isa = PBXContainerItemProxy;
			containerPortal = C612323E1AA97DF300CD80E8 /* Project object */;
			proxyType = 1;
			remoteGlobalIDString = C61232451AA97DF300CD80E8;
			remoteInfo = test;
		};
/* End PBXContainerItemProxy section */

/* Begin PBXFileReference section */
		C61232461AA97DF300CD80E8 /* test.app */ = {isa = PBXFileReference; explicitFileType = wrapper.application; includeInIndex = 0; path = test.app; sourceTree = BUILT_PRODUCTS_DIR; };
		C612324A1AA97DF300CD80E8 /* Info.plist */ = {isa = PBXFileReference; lastKnownFileType = text.plist.xml; path = Info.plist; sourceTree = "<group>"; };
		C612324B1AA97DF300CD80E8 /* main.m */ = {isa = PBXFileReference; lastKnownFileType = sourcecode.c.objc; path = main.m; sourceTree = "<group>"; };
		C612324D1AA97DF300CD80E8 /* AppDelegate.h */ = {isa = PBXFileReference; lastKnownFileType = sourcecode.c.h; path = AppDelegate.h; sourceTree = "<group>"; };
		C612324E1AA97DF300CD80E8 /* AppDelegate.m */ = {isa = PBXFileReference; lastKnownFileType = sourcecode.c.objc; path = AppDelegate.m; sourceTree = "<group>"; };
		C61232501AA97DF300CD80E8 /* ViewController.h */ = {isa = PBXFileReference; lastKnownFileType = sourcecode.c.h; path = ViewController.h; sourceTree = "<group>"; };
		C61232511AA97DF300CD80E8 /* ViewController.m */ = {isa = PBXFileReference; lastKnownFileType = sourcecode.c.objc; path = ViewController.m; sourceTree = "<group>"; };
		C61232541AA97DF300CD80E8 /* Base */ = {isa = PBXFileReference; lastKnownFileType = file.storyboard; name = Base; path = Base.lproj/Main.storyboard; sourceTree = "<group>"; };
		C61232561AA97DF300CD80E8 /* Images.xcassets */ = {isa = PBXFileReference; lastKnownFileType = folder.assetcatalog; path = Images.xcassets; sourceTree = "<group>"; };
		C61232591AA97DF300CD80E8 /* Base */ = {isa = PBXFileReference; lastKnownFileType = file.xib; name = Base; path = Base.lproj/LaunchScreen.xib; sourceTree = "<group>"; };
		C612325F1AA97DF300CD80E8 /* testTests.xctest */ = {isa = PBXFileReference; explicitFileType = wrapper.cfbundle; includeInIndex = 0; path = testTests.xctest; sourceTree = BUILT_PRODUCTS_DIR; };
		C61232641AA97DF300CD80E8 /* Info.plist */ = {isa = PBXFileReference; lastKnownFileType = text.plist.xml; path = Info.plist; sourceTree = "<group>"; };
		C61232651AA97DF300CD80E8 /* testTests.m */ = {isa = PBXFileReference; lastKnownFileType = sourcecode.c.objc; path = testTests.m; sourceTree = "<group>"; };
		C63B59BD1AF0AF7B001456C8 /* MyPlayground.playground */ = {isa = PBXFileReference; lastKnownFileType = file.playground; path = MyPlayground.playground; sourceTree = "<group>"; };
		C63B5A3E1AF0D77E001456C8 /* TableViewController.swift */ = {isa = PBXFileReference; fileEncoding = 4; lastKnownFileType = sourcecode.swift; path = TableViewController.swift; sourceTree = "<group>"; };
		C63B5A3F1AF0D77E001456C8 /* TableViewController.xib */ = {isa = PBXFileReference; fileEncoding = 4; lastKnownFileType = file.xib; path = TableViewController.xib; sourceTree = "<group>"; };
		C6509CF81ADF9527001EBA35 /* test-Bridging-Header.h */ = {isa = PBXFileReference; lastKnownFileType = sourcecode.c.h; path = "test-Bridging-Header.h"; sourceTree = "<group>"; };
		C6509CF91ADF9528001EBA35 /* testswift.swift */ = {isa = PBXFileReference; fileEncoding = 4; lastKnownFileType = sourcecode.swift; path = testswift.swift; sourceTree = "<group>"; };
		C6C5452A1AF22DED004ADDFA /* CatchCrash.h */ = {isa = PBXFileReference; fileEncoding = 4; lastKnownFileType = sourcecode.c.h; path = CatchCrash.h; sourceTree = "<group>"; };
		C6C5452B1AF22DED004ADDFA /* CatchCrash.m */ = {isa = PBXFileReference; fileEncoding = 4; lastKnownFileType = sourcecode.c.objc; path = CatchCrash.m; sourceTree = "<group>"; };
		C6C5452C1AF22DED004ADDFA /* WLErrorTipViewController.h */ = {isa = PBXFileReference; fileEncoding = 4; lastKnownFileType = sourcecode.c.h; path = WLErrorTipViewController.h; sourceTree = "<group>"; };
		C6C5452D1AF22DED004ADDFA /* WLErrorTipViewController.m */ = {isa = PBXFileReference; fileEncoding = 4; lastKnownFileType = sourcecode.c.objc; path = WLErrorTipViewController.m; sourceTree = "<group>"; };
		C6C5452E1AF22DED004ADDFA /* WLErrorTipViewController.xib */ = {isa = PBXFileReference; fileEncoding = 4; lastKnownFileType = file.xib; path = WLErrorTipViewController.xib; sourceTree = "<group>"; };
		C6C545301AF22DED004ADDFA /* LPLabel.h */ = {isa = PBXFileReference; fileEncoding = 4; lastKnownFileType = sourcecode.c.h; path = LPLabel.h; sourceTree = "<group>"; };
		C6C545311AF22DED004ADDFA /* LPLabel.m */ = {isa = PBXFileReference; fileEncoding = 4; lastKnownFileType = sourcecode.c.objc; path = LPLabel.m; sourceTree = "<group>"; };
		C6C545321AF22DED004ADDFA /* UITextField+input.h */ = {isa = PBXFileReference; fileEncoding = 4; lastKnownFileType = sourcecode.c.h; path = "UITextField+input.h"; sourceTree = "<group>"; };
		C6C545331AF22DED004ADDFA /* UITextField+input.m */ = {isa = PBXFileReference; fileEncoding = 4; lastKnownFileType = sourcecode.c.objc; path = "UITextField+input.m"; sourceTree = "<group>"; };
		C6C545351AF22DED004ADDFA /* UINavigationController+quick.h */ = {isa = PBXFileReference; fileEncoding = 4; lastKnownFileType = sourcecode.c.h; path = "UINavigationController+quick.h"; sourceTree = "<group>"; };
		C6C545361AF22DED004ADDFA /* UINavigationController+quick.m */ = {isa = PBXFileReference; fileEncoding = 4; lastKnownFileType = sourcecode.c.objc; path = "UINavigationController+quick.m"; sourceTree = "<group>"; };
		C6C545371AF22DED004ADDFA /* UIViewController+qiuck.h */ = {isa = PBXFileReference; fileEncoding = 4; lastKnownFileType = sourcecode.c.h; path = "UIViewController+qiuck.h"; sourceTree = "<group>"; };
		C6C545381AF22DED004ADDFA /* UIViewController+qiuck.m */ = {isa = PBXFileReference; fileEncoding = 4; lastKnownFileType = sourcecode.c.objc; path = "UIViewController+qiuck.m"; sourceTree = "<group>"; };
		C6C545391AF22DED004ADDFA /* DSWKit.h */ = {isa = PBXFileReference; fileEncoding = 4; lastKnownFileType = sourcecode.c.h; path = DSWKit.h; sourceTree = "<group>"; };
		C6C5453B1AF22DED004ADDFA /* DBinding.h */ = {isa = PBXFileReference; fileEncoding = 4; lastKnownFileType = sourcecode.c.h; path = DBinding.h; sourceTree = "<group>"; };
		C6C5453C1AF22DED004ADDFA /* DBinding.m */ = {isa = PBXFileReference; fileEncoding = 4; lastKnownFileType = sourcecode.c.objc; path = DBinding.m; sourceTree = "<group>"; };
		C6C5453D1AF22DED004ADDFA /* DTimer.h */ = {isa = PBXFileReference; fileEncoding = 4; lastKnownFileType = sourcecode.c.h; path = DTimer.h; sourceTree = "<group>"; };
		C6C5453E1AF22DED004ADDFA /* DTimer.m */ = {isa = PBXFileReference; fileEncoding = 4; lastKnownFileType = sourcecode.c.objc; path = DTimer.m; sourceTree = "<group>"; };
		C6C5453F1AF22DED004ADDFA /* NSArray+quick.h */ = {isa = PBXFileReference; fileEncoding = 4; lastKnownFileType = sourcecode.c.h; path = "NSArray+quick.h"; sourceTree = "<group>"; };
		C6C545401AF22DED004ADDFA /* NSArray+quick.m */ = {isa = PBXFileReference; fileEncoding = 4; lastKnownFileType = sourcecode.c.objc; path = "NSArray+quick.m"; sourceTree = "<group>"; };
		C6C545411AF22DED004ADDFA /* NSData+Encryption.h */ = {isa = PBXFileReference; fileEncoding = 4; lastKnownFileType = sourcecode.c.h; path = "NSData+Encryption.h"; sourceTree = "<group>"; };
		C6C545421AF22DED004ADDFA /* NSData+Encryption.m */ = {isa = PBXFileReference; fileEncoding = 4; lastKnownFileType = sourcecode.c.objc; path = "NSData+Encryption.m"; sourceTree = "<group>"; };
		C6C545431AF22DED004ADDFA /* NSDictionary+quick.h */ = {isa = PBXFileReference; fileEncoding = 4; lastKnownFileType = sourcecode.c.h; path = "NSDictionary+quick.h"; sourceTree = "<group>"; };
		C6C545441AF22DED004ADDFA /* NSDictionary+quick.m */ = {isa = PBXFileReference; fileEncoding = 4; lastKnownFileType = sourcecode.c.objc; path = "NSDictionary+quick.m"; sourceTree = "<group>"; };
		C6C545451AF22DED004ADDFA /* NSObject+quick.h */ = {isa = PBXFileReference; fileEncoding = 4; lastKnownFileType = sourcecode.c.h; path = "NSObject+quick.h"; sourceTree = "<group>"; };
		C6C545461AF22DED004ADDFA /* NSObject+quick.m */ = {isa = PBXFileReference; fileEncoding = 4; lastKnownFileType = sourcecode.c.objc; path = "NSObject+quick.m"; sourceTree = "<group>"; };
		C6C545471AF22DED004ADDFA /* NSString+AES.h */ = {isa = PBXFileReference; fileEncoding = 4; lastKnownFileType = sourcecode.c.h; path = "NSString+AES.h"; sourceTree = "<group>"; };
		C6C545481AF22DED004ADDFA /* NSString+AES.m */ = {isa = PBXFileReference; fileEncoding = 4; lastKnownFileType = sourcecode.c.objc; path = "NSString+AES.m"; sourceTree = "<group>"; };
		C6C545491AF22DED004ADDFA /* NSString+quick.h */ = {isa = PBXFileReference; fileEncoding = 4; lastKnownFileType = sourcecode.c.h; path = "NSString+quick.h"; sourceTree = "<group>"; };
		C6C5454A1AF22DED004ADDFA /* NSString+quick.m */ = {isa = PBXFileReference; fileEncoding = 4; lastKnownFileType = sourcecode.c.objc; path = "NSString+quick.m"; sourceTree = "<group>"; };
		C6C5454B1AF22DED004ADDFA /* NSString+regularExpression.h */ = {isa = PBXFileReference; fileEncoding = 4; lastKnownFileType = sourcecode.c.h; path = "NSString+regularExpression.h"; sourceTree = "<group>"; };
		C6C5454C1AF22DED004ADDFA /* NSString+regularExpression.m */ = {isa = PBXFileReference; fileEncoding = 4; lastKnownFileType = sourcecode.c.objc; path = "NSString+regularExpression.m"; sourceTree = "<group>"; };
		C6C5454D1AF22DED004ADDFA /* SingelObject.h */ = {isa = PBXFileReference; fileEncoding = 4; lastKnownFileType = sourcecode.c.h; path = SingelObject.h; sourceTree = "<group>"; };
		C6C5454E1AF22DED004ADDFA /* SingelObject.m */ = {isa = PBXFileReference; fileEncoding = 4; lastKnownFileType = sourcecode.c.objc; path = SingelObject.m; sourceTree = "<group>"; };
		C6C545501AF22DED004ADDFA /* Dlayout.h */ = {isa = PBXFileReference; fileEncoding = 4; lastKnownFileType = sourcecode.c.h; path = Dlayout.h; sourceTree = "<group>"; };
		C6C545511AF22DED004ADDFA /* DLayoutBaseView.h */ = {isa = PBXFileReference; fileEncoding = 4; lastKnownFileType = sourcecode.c.h; path = DLayoutBaseView.h; sourceTree = "<group>"; };
		C6C545521AF22DED004ADDFA /* DLayoutBaseView.m */ = {isa = PBXFileReference; fileEncoding = 4; lastKnownFileType = sourcecode.c.objc; path = DLayoutBaseView.m; sourceTree = "<group>"; };
		C6C545541AF22DED004ADDFA /* DGridView.h */ = {isa = PBXFileReference; fileEncoding = 4; lastKnownFileType = sourcecode.c.h; path = DGridView.h; sourceTree = "<group>"; };
		C6C545551AF22DED004ADDFA /* DGridView.m */ = {isa = PBXFileReference; fileEncoding = 4; lastKnownFileType = sourcecode.c.objc; path = DGridView.m; sourceTree = "<group>"; };
		C6C545571AF22DED004ADDFA /* DStackView.h */ = {isa = PBXFileReference; fileEncoding = 4; lastKnownFileType = sourcecode.c.h; path = DStackView.h; sourceTree = "<group>"; };
		C6C545581AF22DED004ADDFA /* DStackView.m */ = {isa = PBXFileReference; fileEncoding = 4; lastKnownFileType = sourcecode.c.objc; path = DStackView.m; sourceTree = "<group>"; };
		C6C545591AF22DED004ADDFA /* UIView+layout.h */ = {isa = PBXFileReference; fileEncoding = 4; lastKnownFileType = sourcecode.c.h; path = "UIView+layout.h"; sourceTree = "<group>"; };
		C6C5455A1AF22DED004ADDFA /* UIView+layout.m */ = {isa = PBXFileReference; fileEncoding = 4; lastKnownFileType = sourcecode.c.objc; path = "UIView+layout.m"; sourceTree = "<group>"; };
		C6C5455B1AF22DED004ADDFA /* UIViewExt.h */ = {isa = PBXFileReference; fileEncoding = 4; lastKnownFileType = sourcecode.c.h; path = UIViewExt.h; sourceTree = "<group>"; };
		C6C5455C1AF22DED004ADDFA /* UIViewExt.m */ = {isa = PBXFileReference; fileEncoding = 4; lastKnownFileType = sourcecode.c.objc; path = UIViewExt.m; sourceTree = "<group>"; };
		C6C5455E1AF22DED004ADDFA /* DWrapView.h */ = {isa = PBXFileReference; fileEncoding = 4; lastKnownFileType = sourcecode.c.h; path = DWrapView.h; sourceTree = "<group>"; };
		C6C5455F1AF22DED004ADDFA /* DWrapView.m */ = {isa = PBXFileReference; fileEncoding = 4; lastKnownFileType = sourcecode.c.objc; path = DWrapView.m; sourceTree = "<group>"; };
		C6C545601AF22DED004ADDFA /* pod.txt */ = {isa = PBXFileReference; fileEncoding = 4; lastKnownFileType = text; path = pod.txt; sourceTree = "<group>"; };
		C6C545611AF22DED004ADDFA /* readme.txt */ = {isa = PBXFileReference; fileEncoding = 4; lastKnownFileType = text; path = readme.txt; sourceTree = "<group>"; };
		C6C545631AF22DED004ADDFA /* UIAlertView+quick.h */ = {isa = PBXFileReference; fileEncoding = 4; lastKnownFileType = sourcecode.c.h; path = "UIAlertView+quick.h"; sourceTree = "<group>"; };
		C6C545641AF22DED004ADDFA /* UIAlertView+quick.m */ = {isa = PBXFileReference; fileEncoding = 4; lastKnownFileType = sourcecode.c.objc; path = "UIAlertView+quick.m"; sourceTree = "<group>"; };
		C6C545651AF22DED004ADDFA /* UIButton+quick.h */ = {isa = PBXFileReference; fileEncoding = 4; lastKnownFileType = sourcecode.c.h; path = "UIButton+quick.h"; sourceTree = "<group>"; };
		C6C545661AF22DED004ADDFA /* UIButton+quick.m */ = {isa = PBXFileReference; fileEncoding = 4; lastKnownFileType = sourcecode.c.objc; path = "UIButton+quick.m"; sourceTree = "<group>"; };
		C6C545671AF22DED004ADDFA /* UIControl+BlockEvent.h */ = {isa = PBXFileReference; fileEncoding = 4; lastKnownFileType = sourcecode.c.h; path = "UIControl+BlockEvent.h"; sourceTree = "<group>"; };
		C6C545681AF22DED004ADDFA /* UIControl+BlockEvent.m */ = {isa = PBXFileReference; fileEncoding = 4; lastKnownFileType = sourcecode.c.objc; path = "UIControl+BlockEvent.m"; sourceTree = "<group>"; };
		C6C545691AF22DED004ADDFA /* UILabel+init.h */ = {isa = PBXFileReference; fileEncoding = 4; lastKnownFileType = sourcecode.c.h; path = "UILabel+init.h"; sourceTree = "<group>"; };
		C6C5456A1AF22DED004ADDFA /* UILabel+init.m */ = {isa = PBXFileReference; fileEncoding = 4; lastKnownFileType = sourcecode.c.objc; path = "UILabel+init.m"; sourceTree = "<group>"; };
		C6C5456B1AF22DED004ADDFA /* UIScrollView+contentSize.h */ = {isa = PBXFileReference; fileEncoding = 4; lastKnownFileType = sourcecode.c.h; path = "UIScrollView+contentSize.h"; sourceTree = "<group>"; };
		C6C5456C1AF22DED004ADDFA /* UIScrollView+contentSize.m */ = {isa = PBXFileReference; fileEncoding = 4; lastKnownFileType = sourcecode.c.objc; path = "UIScrollView+contentSize.m"; sourceTree = "<group>"; };
		C6C5456D1AF22DED004ADDFA /* UITextField+init.h */ = {isa = PBXFileReference; fileEncoding = 4; lastKnownFileType = sourcecode.c.h; path = "UITextField+init.h"; sourceTree = "<group>"; };
		C6C5456E1AF22DED004ADDFA /* UITextField+init.m */ = {isa = PBXFileReference; fileEncoding = 4; lastKnownFileType = sourcecode.c.objc; path = "UITextField+init.m"; sourceTree = "<group>"; };
		C6C5456F1AF22DED004ADDFA /* UIView+quick.h */ = {isa = PBXFileReference; fileEncoding = 4; lastKnownFileType = sourcecode.c.h; path = "UIView+quick.h"; sourceTree = "<group>"; };
		C6C545701AF22DED004ADDFA /* UIView+quick.m */ = {isa = PBXFileReference; fileEncoding = 4; lastKnownFileType = sourcecode.c.objc; path = "UIView+quick.m"; sourceTree = "<group>"; };
/* End PBXFileReference section */

/* Begin PBXFrameworksBuildPhase section */
		C61232431AA97DF300CD80E8 /* Frameworks */ = {
			isa = PBXFrameworksBuildPhase;
			buildActionMask = 2147483647;
			files = (
			);
			runOnlyForDeploymentPostprocessing = 0;
		};
		C612325C1AA97DF300CD80E8 /* Frameworks */ = {
			isa = PBXFrameworksBuildPhase;
			buildActionMask = 2147483647;
			files = (
			);
			runOnlyForDeploymentPostprocessing = 0;
		};
/* End PBXFrameworksBuildPhase section */

/* Begin PBXGroup section */
		C612323D1AA97DF300CD80E8 = {
			isa = PBXGroup;
			children = (
				C63B59BD1AF0AF7B001456C8 /* MyPlayground.playground */,
				C6509CF91ADF9528001EBA35 /* testswift.swift */,
				C61232481AA97DF300CD80E8 /* test */,
				C61232621AA97DF300CD80E8 /* testTests */,
				C61232471AA97DF300CD80E8 /* Products */,
				C6509CF81ADF9527001EBA35 /* test-Bridging-Header.h */,
			);
			sourceTree = "<group>";
		};
		C61232471AA97DF300CD80E8 /* Products */ = {
			isa = PBXGroup;
			children = (
				C61232461AA97DF300CD80E8 /* test.app */,
				C612325F1AA97DF300CD80E8 /* testTests.xctest */,
			);
			name = Products;
			sourceTree = "<group>";
		};
		C61232481AA97DF300CD80E8 /* test */ = {
			isa = PBXGroup;
			children = (
				C6C545281AF22DED004ADDFA /* dswKit */,
				C61232A51AA97E1900CD80E8 /* tool */,
				C612324D1AA97DF300CD80E8 /* AppDelegate.h */,
				C612324E1AA97DF300CD80E8 /* AppDelegate.m */,
				C61232501AA97DF300CD80E8 /* ViewController.h */,
				C61232511AA97DF300CD80E8 /* ViewController.m */,
				C61232531AA97DF300CD80E8 /* Main.storyboard */,
				C61232561AA97DF300CD80E8 /* Images.xcassets */,
				C61232581AA97DF300CD80E8 /* LaunchScreen.xib */,
				C61232491AA97DF300CD80E8 /* Supporting Files */,
				C63B5A3E1AF0D77E001456C8 /* TableViewController.swift */,
				C63B5A3F1AF0D77E001456C8 /* TableViewController.xib */,
			);
			path = test;
			sourceTree = "<group>";
		};
		C61232491AA97DF300CD80E8 /* Supporting Files */ = {
			isa = PBXGroup;
			children = (
				C612324A1AA97DF300CD80E8 /* Info.plist */,
				C612324B1AA97DF300CD80E8 /* main.m */,
			);
			name = "Supporting Files";
			sourceTree = "<group>";
		};
		C61232621AA97DF300CD80E8 /* testTests */ = {
			isa = PBXGroup;
			children = (
				C61232651AA97DF300CD80E8 /* testTests.m */,
				C61232631AA97DF300CD80E8 /* Supporting Files */,
			);
			path = testTests;
			sourceTree = "<group>";
		};
		C61232631AA97DF300CD80E8 /* Supporting Files */ = {
			isa = PBXGroup;
			children = (
				C61232641AA97DF300CD80E8 /* Info.plist */,
			);
			name = "Supporting Files";
			sourceTree = "<group>";
		};
		C61232A51AA97E1900CD80E8 /* tool */ = {
			isa = PBXGroup;
			children = (
			);
			path = tool;
			sourceTree = "<group>";
		};
		C6C545281AF22DED004ADDFA /* dswKit */ = {
			isa = PBXGroup;
			children = (
				C6C545291AF22DED004ADDFA /* CatchCrash */,
				C6C5452F1AF22DED004ADDFA /* Control */,
				C6C545341AF22DED004ADDFA /* controllerCategory-quick */,
				C6C545391AF22DED004ADDFA /* DSWKit.h */,
				C6C5453A1AF22DED004ADDFA /* FoundationCategory */,
				C6C5454F1AF22DED004ADDFA /* Layout */,
				C6C545601AF22DED004ADDFA /* pod.txt */,
				C6C545611AF22DED004ADDFA /* readme.txt */,
				C6C545621AF22DED004ADDFA /* UI-quick */,
			);
			path = dswKit;
			sourceTree = "<group>";
		};
		C6C545291AF22DED004ADDFA /* CatchCrash */ = {
			isa = PBXGroup;
			children = (
				C6C5452A1AF22DED004ADDFA /* CatchCrash.h */,
				C6C5452B1AF22DED004ADDFA /* CatchCrash.m */,
				C6C5452C1AF22DED004ADDFA /* WLErrorTipViewController.h */,
				C6C5452D1AF22DED004ADDFA /* WLErrorTipViewController.m */,
				C6C5452E1AF22DED004ADDFA /* WLErrorTipViewController.xib */,
			);
			path = CatchCrash;
			sourceTree = "<group>";
		};
		C6C5452F1AF22DED004ADDFA /* Control */ = {
			isa = PBXGroup;
			children = (
				C6C545301AF22DED004ADDFA /* LPLabel.h */,
				C6C545311AF22DED004ADDFA /* LPLabel.m */,
				C6C545321AF22DED004ADDFA /* UITextField+input.h */,
				C6C545331AF22DED004ADDFA /* UITextField+input.m */,
			);
			path = Control;
			sourceTree = "<group>";
		};
		C6C545341AF22DED004ADDFA /* controllerCategory-quick */ = {
			isa = PBXGroup;
			children = (
				C6C545351AF22DED004ADDFA /* UINavigationController+quick.h */,
				C6C545361AF22DED004ADDFA /* UINavigationController+quick.m */,
				C6C545371AF22DED004ADDFA /* UIViewController+qiuck.h */,
				C6C545381AF22DED004ADDFA /* UIViewController+qiuck.m */,
			);
			path = "controllerCategory-quick";
			sourceTree = "<group>";
		};
		C6C5453A1AF22DED004ADDFA /* FoundationCategory */ = {
			isa = PBXGroup;
			children = (
				C6C5453B1AF22DED004ADDFA /* DBinding.h */,
				C6C5453C1AF22DED004ADDFA /* DBinding.m */,
				C6C5453D1AF22DED004ADDFA /* DTimer.h */,
				C6C5453E1AF22DED004ADDFA /* DTimer.m */,
				C6C5453F1AF22DED004ADDFA /* NSArray+quick.h */,
				C6C545401AF22DED004ADDFA /* NSArray+quick.m */,
				C6C545411AF22DED004ADDFA /* NSData+Encryption.h */,
				C6C545421AF22DED004ADDFA /* NSData+Encryption.m */,
				C6C545431AF22DED004ADDFA /* NSDictionary+quick.h */,
				C6C545441AF22DED004ADDFA /* NSDictionary+quick.m */,
				C6C545451AF22DED004ADDFA /* NSObject+quick.h */,
				C6C545461AF22DED004ADDFA /* NSObject+quick.m */,
				C6C545471AF22DED004ADDFA /* NSString+AES.h */,
				C6C545481AF22DED004ADDFA /* NSString+AES.m */,
				C6C545491AF22DED004ADDFA /* NSString+quick.h */,
				C6C5454A1AF22DED004ADDFA /* NSString+quick.m */,
				C6C5454B1AF22DED004ADDFA /* NSString+regularExpression.h */,
				C6C5454C1AF22DED004ADDFA /* NSString+regularExpression.m */,
				C6C5454D1AF22DED004ADDFA /* SingelObject.h */,
				C6C5454E1AF22DED004ADDFA /* SingelObject.m */,
			);
			path = FoundationCategory;
			sourceTree = "<group>";
		};
		C6C5454F1AF22DED004ADDFA /* Layout */ = {
			isa = PBXGroup;
			children = (
				C6C545501AF22DED004ADDFA /* Dlayout.h */,
				C6C545511AF22DED004ADDFA /* DLayoutBaseView.h */,
				C6C545521AF22DED004ADDFA /* DLayoutBaseView.m */,
				C6C545531AF22DED004ADDFA /* gridview */,
				C6C545561AF22DED004ADDFA /* stackview */,
				C6C545591AF22DED004ADDFA /* UIView+layout.h */,
				C6C5455A1AF22DED004ADDFA /* UIView+layout.m */,
				C6C5455B1AF22DED004ADDFA /* UIViewExt.h */,
				C6C5455C1AF22DED004ADDFA /* UIViewExt.m */,
				C6C5455D1AF22DED004ADDFA /* wrapview */,
			);
			path = Layout;
			sourceTree = "<group>";
		};
		C6C545531AF22DED004ADDFA /* gridview */ = {
			isa = PBXGroup;
			children = (
				C6C545541AF22DED004ADDFA /* DGridView.h */,
				C6C545551AF22DED004ADDFA /* DGridView.m */,
			);
			path = gridview;
			sourceTree = "<group>";
		};
		C6C545561AF22DED004ADDFA /* stackview */ = {
			isa = PBXGroup;
			children = (
				C6C545571AF22DED004ADDFA /* DStackView.h */,
				C6C545581AF22DED004ADDFA /* DStackView.m */,
			);
			path = stackview;
			sourceTree = "<group>";
		};
		C6C5455D1AF22DED004ADDFA /* wrapview */ = {
			isa = PBXGroup;
			children = (
				C6C5455E1AF22DED004ADDFA /* DWrapView.h */,
				C6C5455F1AF22DED004ADDFA /* DWrapView.m */,
			);
			path = wrapview;
			sourceTree = "<group>";
		};
		C6C545621AF22DED004ADDFA /* UI-quick */ = {
			isa = PBXGroup;
			children = (
				C6C545631AF22DED004ADDFA /* UIAlertView+quick.h */,
				C6C545641AF22DED004ADDFA /* UIAlertView+quick.m */,
				C6C545651AF22DED004ADDFA /* UIButton+quick.h */,
				C6C545661AF22DED004ADDFA /* UIButton+quick.m */,
				C6C545671AF22DED004ADDFA /* UIControl+BlockEvent.h */,
				C6C545681AF22DED004ADDFA /* UIControl+BlockEvent.m */,
				C6C545691AF22DED004ADDFA /* UILabel+init.h */,
				C6C5456A1AF22DED004ADDFA /* UILabel+init.m */,
				C6C5456B1AF22DED004ADDFA /* UIScrollView+contentSize.h */,
				C6C5456C1AF22DED004ADDFA /* UIScrollView+contentSize.m */,
				C6C5456D1AF22DED004ADDFA /* UITextField+init.h */,
				C6C5456E1AF22DED004ADDFA /* UITextField+init.m */,
				C6C5456F1AF22DED004ADDFA /* UIView+quick.h */,
				C6C545701AF22DED004ADDFA /* UIView+quick.m */,
			);
			path = "UI-quick";
			sourceTree = "<group>";
		};
/* End PBXGroup section */

/* Begin PBXNativeTarget section */
		C61232451AA97DF300CD80E8 /* test */ = {
			isa = PBXNativeTarget;
			buildConfigurationList = C61232691AA97DF300CD80E8 /* Build configuration list for PBXNativeTarget "test" */;
			buildPhases = (
				C61232421AA97DF300CD80E8 /* Sources */,
				C61232431AA97DF300CD80E8 /* Frameworks */,
				C61232441AA97DF300CD80E8 /* Resources */,
			);
			buildRules = (
			);
			dependencies = (
			);
			name = test;
			productName = test;
			productReference = C61232461AA97DF300CD80E8 /* test.app */;
			productType = "com.apple.product-type.application";
		};
		C612325E1AA97DF300CD80E8 /* testTests */ = {
			isa = PBXNativeTarget;
			buildConfigurationList = C612326C1AA97DF300CD80E8 /* Build configuration list for PBXNativeTarget "testTests" */;
			buildPhases = (
				C612325B1AA97DF300CD80E8 /* Sources */,
				C612325C1AA97DF300CD80E8 /* Frameworks */,
				C612325D1AA97DF300CD80E8 /* Resources */,
			);
			buildRules = (
			);
			dependencies = (
				C61232611AA97DF300CD80E8 /* PBXTargetDependency */,
			);
			name = testTests;
			productName = testTests;
			productReference = C612325F1AA97DF300CD80E8 /* testTests.xctest */;
			productType = "com.apple.product-type.bundle.unit-test";
		};
/* End PBXNativeTarget section */

/* Begin PBXProject section */
		C612323E1AA97DF300CD80E8 /* Project object */ = {
			isa = PBXProject;
			attributes = {
				LastUpgradeCheck = 0610;
				ORGANIZATIONNAME = dsw;
				TargetAttributes = {
					C61232451AA97DF300CD80E8 = {
						CreatedOnToolsVersion = 6.1;
					};
					C612325E1AA97DF300CD80E8 = {
						CreatedOnToolsVersion = 6.1;
						TestTargetID = C61232451AA97DF300CD80E8;
					};
				};
			};
			buildConfigurationList = C61232411AA97DF300CD80E8 /* Build configuration list for PBXProject "test" */;
			compatibilityVersion = "Xcode 3.2";
			developmentRegion = English;
			hasScannedForEncodings = 0;
			knownRegions = (
				en,
				Base,
			);
			mainGroup = C612323D1AA97DF300CD80E8;
			productRefGroup = C61232471AA97DF300CD80E8 /* Products */;
			projectDirPath = "";
			projectRoot = "";
			targets = (
				C61232451AA97DF300CD80E8 /* test */,
				C612325E1AA97DF300CD80E8 /* testTests */,
			);
		};
/* End PBXProject section */

/* Begin PBXResourcesBuildPhase section */
		C61232441AA97DF300CD80E8 /* Resources */ = {
			isa = PBXResourcesBuildPhase;
			buildActionMask = 2147483647;
			files = (
				C6C545891AF22DED004ADDFA /* readme.txt in Resources */,
				C61232551AA97DF300CD80E8 /* Main.storyboard in Resources */,
				C612325A1AA97DF300CD80E8 /* LaunchScreen.xib in Resources */,
				C61232571AA97DF300CD80E8 /* Images.xcassets in Resources */,
				C6C545881AF22DED004ADDFA /* pod.txt in Resources */,
				C6C545731AF22DED004ADDFA /* WLErrorTipViewController.xib in Resources */,
				C63B5A411AF0D77E001456C8 /* TableViewController.xib in Resources */,
			);
			runOnlyForDeploymentPostprocessing = 0;
		};
		C612325D1AA97DF300CD80E8 /* Resources */ = {
			isa = PBXResourcesBuildPhase;
			buildActionMask = 2147483647;
			files = (
			);
			runOnlyForDeploymentPostprocessing = 0;
		};
/* End PBXResourcesBuildPhase section */

/* Begin PBXSourcesBuildPhase section */
		C61232421AA97DF300CD80E8 /* Sources */ = {
			isa = PBXSourcesBuildPhase;
			buildActionMask = 2147483647;
			files = (
				C6C545861AF22DED004ADDFA /* UIViewExt.m in Sources */,
				C6C5458C1AF22DED004ADDFA /* UIControl+BlockEvent.m in Sources */,
				C6C545781AF22DED004ADDFA /* DBinding.m in Sources */,
				C6C5457C1AF22DED004ADDFA /* NSDictionary+quick.m in Sources */,
				C6C545751AF22DED004ADDFA /* UITextField+input.m in Sources */,
				C6C545801AF22DED004ADDFA /* NSString+regularExpression.m in Sources */,
				C63B5A401AF0D77E001456C8 /* TableViewController.swift in Sources */,
				C6C545851AF22DED004ADDFA /* UIView+layout.m in Sources */,
				C6C5458B1AF22DED004ADDFA /* UIButton+quick.m in Sources */,
				C6C5458E1AF22DED004ADDFA /* UIScrollView+contentSize.m in Sources */,
				C6C545761AF22DED004ADDFA /* UINavigationController+quick.m in Sources */,
				C61232521AA97DF300CD80E8 /* ViewController.m in Sources */,
				C6C545741AF22DED004ADDFA /* LPLabel.m in Sources */,
				C6C545791AF22DED004ADDFA /* DTimer.m in Sources */,
				C6C5458D1AF22DED004ADDFA /* UILabel+init.m in Sources */,
				C6C5457D1AF22DED004ADDFA /* NSObject+quick.m in Sources */,
				C612324F1AA97DF300CD80E8 /* AppDelegate.m in Sources */,
				C6C5457A1AF22DED004ADDFA /* NSArray+quick.m in Sources */,
				C6C545841AF22DED004ADDFA /* DStackView.m in Sources */,
				C6C5458F1AF22DED004ADDFA /* UITextField+init.m in Sources */,
				C612324C1AA97DF300CD80E8 /* main.m in Sources */,
				C6C545721AF22DED004ADDFA /* WLErrorTipViewController.m in Sources */,
				C6509CFA1ADF9528001EBA35 /* testswift.swift in Sources */,
				C6C545811AF22DED004ADDFA /* SingelObject.m in Sources */,
				C6C545901AF22DED004ADDFA /* UIView+quick.m in Sources */,
				C6C5457F1AF22DED004ADDFA /* NSString+quick.m in Sources */,
				C6C545771AF22DED004ADDFA /* UIViewController+qiuck.m in Sources */,
				C6C5457E1AF22DED004ADDFA /* NSString+AES.m in Sources */,
				C6C545871AF22DED004ADDFA /* DWrapView.m in Sources */,
				C6C545711AF22DED004ADDFA /* CatchCrash.m in Sources */,
				C6C5457B1AF22DED004ADDFA /* NSData+Encryption.m in Sources */,
				C6C545821AF22DED004ADDFA /* DLayoutBaseView.m in Sources */,
				C6C5458A1AF22DED004ADDFA /* UIAlertView+quick.m in Sources */,
				C6C545831AF22DED004ADDFA /* DGridView.m in Sources */,
			);
			runOnlyForDeploymentPostprocessing = 0;
		};
		C612325B1AA97DF300CD80E8 /* Sources */ = {
			isa = PBXSourcesBuildPhase;
			buildActionMask = 2147483647;
			files = (
				C61232661AA97DF300CD80E8 /* testTests.m in Sources */,
			);
			runOnlyForDeploymentPostprocessing = 0;
		};
/* End PBXSourcesBuildPhase section */

/* Begin PBXTargetDependency section */
		C61232611AA97DF300CD80E8 /* PBXTargetDependency */ = {
			isa = PBXTargetDependency;
			target = C61232451AA97DF300CD80E8 /* test */;
			targetProxy = C61232601AA97DF300CD80E8 /* PBXContainerItemProxy */;
		};
/* End PBXTargetDependency section */

/* Begin PBXVariantGroup section */
		C61232531AA97DF300CD80E8 /* Main.storyboard */ = {
			isa = PBXVariantGroup;
			children = (
				C61232541AA97DF300CD80E8 /* Base */,
			);
			name = Main.storyboard;
			sourceTree = "<group>";
		};
		C61232581AA97DF300CD80E8 /* LaunchScreen.xib */ = {
			isa = PBXVariantGroup;
			children = (
				C61232591AA97DF300CD80E8 /* Base */,
			);
			name = LaunchScreen.xib;
			sourceTree = "<group>";
		};
/* End PBXVariantGroup section */

/* Begin XCBuildConfiguration section */
		C61232671AA97DF300CD80E8 /* Debug */ = {
			isa = XCBuildConfiguration;
			buildSettings = {
				ALWAYS_SEARCH_USER_PATHS = NO;
				CLANG_CXX_LANGUAGE_STANDARD = "gnu++0x";
				CLANG_CXX_LIBRARY = "libc++";
				CLANG_ENABLE_MODULES = YES;
				CLANG_ENABLE_OBJC_ARC = YES;
				CLANG_WARN_BOOL_CONVERSION = YES;
				CLANG_WARN_CONSTANT_CONVERSION = YES;
				CLANG_WARN_DIRECT_OBJC_ISA_USAGE = YES_ERROR;
				CLANG_WARN_EMPTY_BODY = YES;
				CLANG_WARN_ENUM_CONVERSION = YES;
				CLANG_WARN_INT_CONVERSION = YES;
				CLANG_WARN_OBJC_ROOT_CLASS = YES_ERROR;
				CLANG_WARN_UNREACHABLE_CODE = YES;
				CLANG_WARN__DUPLICATE_METHOD_MATCH = YES;
				"CODE_SIGN_IDENTITY[sdk=iphoneos*]" = "iPhone Developer";
				COPY_PHASE_STRIP = NO;
				ENABLE_STRICT_OBJC_MSGSEND = YES;
				GCC_C_LANGUAGE_STANDARD = gnu99;
				GCC_DYNAMIC_NO_PIC = NO;
				GCC_OPTIMIZATION_LEVEL = 0;
				GCC_PREPROCESSOR_DEFINITIONS = (
					"DEBUG=1",
					"$(inherited)",
				);
				GCC_SYMBOLS_PRIVATE_EXTERN = NO;
				GCC_WARN_64_TO_32_BIT_CONVERSION = YES;
				GCC_WARN_ABOUT_RETURN_TYPE = YES_ERROR;
				GCC_WARN_UNDECLARED_SELECTOR = YES;
				GCC_WARN_UNINITIALIZED_AUTOS = YES_AGGRESSIVE;
				GCC_WARN_UNUSED_FUNCTION = YES;
				GCC_WARN_UNUSED_VARIABLE = YES;
				IPHONEOS_DEPLOYMENT_TARGET = 8.1;
				MTL_ENABLE_DEBUG_INFO = YES;
				ONLY_ACTIVE_ARCH = YES;
				SDKROOT = iphoneos;
			};
			name = Debug;
		};
		C61232681AA97DF300CD80E8 /* Release */ = {
			isa = XCBuildConfiguration;
			buildSettings = {
				ALWAYS_SEARCH_USER_PATHS = NO;
				CLANG_CXX_LANGUAGE_STANDARD = "gnu++0x";
				CLANG_CXX_LIBRARY = "libc++";
				CLANG_ENABLE_MODULES = YES;
				CLANG_ENABLE_OBJC_ARC = YES;
				CLANG_WARN_BOOL_CONVERSION = YES;
				CLANG_WARN_CONSTANT_CONVERSION = YES;
				CLANG_WARN_DIRECT_OBJC_ISA_USAGE = YES_ERROR;
				CLANG_WARN_EMPTY_BODY = YES;
				CLANG_WARN_ENUM_CONVERSION = YES;
				CLANG_WARN_INT_CONVERSION = YES;
				CLANG_WARN_OBJC_ROOT_CLASS = YES_ERROR;
				CLANG_WARN_UNREACHABLE_CODE = YES;
				CLANG_WARN__DUPLICATE_METHOD_MATCH = YES;
				"CODE_SIGN_IDENTITY[sdk=iphoneos*]" = "iPhone Developer";
				COPY_PHASE_STRIP = YES;
				ENABLE_NS_ASSERTIONS = NO;
				ENABLE_STRICT_OBJC_MSGSEND = YES;
				GCC_C_LANGUAGE_STANDARD = gnu99;
				GCC_WARN_64_TO_32_BIT_CONVERSION = YES;
				GCC_WARN_ABOUT_RETURN_TYPE = YES_ERROR;
				GCC_WARN_UNDECLARED_SELECTOR = YES;
				GCC_WARN_UNINITIALIZED_AUTOS = YES_AGGRESSIVE;
				GCC_WARN_UNUSED_FUNCTION = YES;
				GCC_WARN_UNUSED_VARIABLE = YES;
				IPHONEOS_DEPLOYMENT_TARGET = 8.1;
				MTL_ENABLE_DEBUG_INFO = NO;
				SDKROOT = iphoneos;
				VALIDATE_PRODUCT = YES;
			};
			name = Release;
		};
		C612326A1AA97DF300CD80E8 /* Debug */ = {
			isa = XCBuildConfiguration;
			buildSettings = {
				ASSETCATALOG_COMPILER_APPICON_NAME = AppIcon;
				CLANG_ENABLE_MODULES = YES;
				INFOPLIST_FILE = test/Info.plist;
				LD_RUNPATH_SEARCH_PATHS = "$(inherited) @executable_path/Frameworks";
				PRODUCT_NAME = "$(TARGET_NAME)";
				SWIFT_OBJC_BRIDGING_HEADER = "test-Bridging-Header.h";
				SWIFT_OPTIMIZATION_LEVEL = "-Onone";
			};
			name = Debug;
		};
		C612326B1AA97DF300CD80E8 /* Release */ = {
			isa = XCBuildConfiguration;
			buildSettings = {
				ASSETCATALOG_COMPILER_APPICON_NAME = AppIcon;
				CLANG_ENABLE_MODULES = YES;
				INFOPLIST_FILE = test/Info.plist;
				LD_RUNPATH_SEARCH_PATHS = "$(inherited) @executable_path/Frameworks";
				PRODUCT_NAME = "$(TARGET_NAME)";
				SWIFT_OBJC_BRIDGING_HEADER = "test-Bridging-Header.h";
			};
			name = Release;
		};
		C612326D1AA97DF300CD80E8 /* Debug */ = {
			isa = XCBuildConfiguration;
			buildSettings = {
				BUNDLE_LOADER = "$(TEST_HOST)";
				FRAMEWORK_SEARCH_PATHS = (
					"$(SDKROOT)/Developer/Library/Frameworks",
					"$(inherited)",
				);
				GCC_PREPROCESSOR_DEFINITIONS = (
					"DEBUG=1",
					"$(inherited)",
				);
				INFOPLIST_FILE = testTests/Info.plist;
				LD_RUNPATH_SEARCH_PATHS = "$(inherited) @executable_path/Frameworks @loader_path/Frameworks";
				PRODUCT_NAME = "$(TARGET_NAME)";
				TEST_HOST = "$(BUILT_PRODUCTS_DIR)/test.app/test";
			};
			name = Debug;
		};
		C612326E1AA97DF300CD80E8 /* Release */ = {
			isa = XCBuildConfiguration;
			buildSettings = {
				BUNDLE_LOADER = "$(TEST_HOST)";
				FRAMEWORK_SEARCH_PATHS = (
					"$(SDKROOT)/Developer/Library/Frameworks",
					"$(inherited)",
				);
				INFOPLIST_FILE = testTests/Info.plist;
				LD_RUNPATH_SEARCH_PATHS = "$(inherited) @executable_path/Frameworks @loader_path/Frameworks";
				PRODUCT_NAME = "$(TARGET_NAME)";
				TEST_HOST = "$(BUILT_PRODUCTS_DIR)/test.app/test";
			};
			name = Release;
		};
/* End XCBuildConfiguration section */

/* Begin XCConfigurationList section */
		C61232411AA97DF300CD80E8 /* Build configuration list for PBXProject "test" */ = {
			isa = XCConfigurationList;
			buildConfigurations = (
				C61232671AA97DF300CD80E8 /* Debug */,
				C61232681AA97DF300CD80E8 /* Release */,
			);
			defaultConfigurationIsVisible = 0;
			defaultConfigurationName = Release;
		};
		C61232691AA97DF300CD80E8 /* Build configuration list for PBXNativeTarget "test" */ = {
			isa = XCConfigurationList;
			buildConfigurations = (
				C612326A1AA97DF300CD80E8 /* Debug */,
				C612326B1AA97DF300CD80E8 /* Release */,
			);
			defaultConfigurationIsVisible = 0;
			defaultConfigurationName = Release;
		};
		C612326C1AA97DF300CD80E8 /* Build configuration list for PBXNativeTarget "testTests" */ = {
			isa = XCConfigurationList;
			buildConfigurations = (
				C612326D1AA97DF300CD80E8 /* Debug */,
				C612326E1AA97DF300CD80E8 /* Release */,
			);
			defaultConfigurationIsVisible = 0;
			defaultConfigurationName = Release;
		};
/* End XCConfigurationList section */
	};
	rootObject = C612323E1AA97DF300CD80E8 /* Project object */;
}
