// !$*UTF8*$!
{
	archiveVersion = 1;
	classes = {
	};
	objectVersion = 46;
	objects = {

/* Begin PBXBuildFile section */
		C612324C1AA97DF300CD80E8 /* main.m in Sources */ = {isa = PBXBuildFile; fileRef = C612324B1AA97DF300CD80E8 /* main.m */; };
		C612324F1AA97DF300CD80E8 /* AppDelegate.m in Sources */ = {isa = PBXBuildFile; fileRef = C612324E1AA97DF300CD80E8 /* AppDelegate.m */; };
		C61232521AA97DF300CD80E8 /* ViewController.m in Sources */ = {isa = PBXBuildFile; fileRef = C61232511AA97DF300CD80E8 /* ViewController.m */; };
		C61232551AA97DF300CD80E8 /* Main.storyboard in Resources */ = {isa = PBXBuildFile; fileRef = C61232531AA97DF300CD80E8 /* Main.storyboard */; };
		C61232571AA97DF300CD80E8 /* Images.xcassets in Resources */ = {isa = PBXBuildFile; fileRef = C61232561AA97DF300CD80E8 /* Images.xcassets */; };
		C612325A1AA97DF300CD80E8 /* LaunchScreen.xib in Resources */ = {isa = PBXBuildFile; fileRef = C61232581AA97DF300CD80E8 /* LaunchScreen.xib */; };
		C61232661AA97DF300CD80E8 /* testTests.m in Sources */ = {isa = PBXBuildFile; fileRef = C61232651AA97DF300CD80E8 /* testTests.m */; };
		C6F8378F1ADE4F0400C483CF /* CatchCrash.m in Sources */ = {isa = PBXBuildFile; fileRef = C6F837491ADE4F0400C483CF /* CatchCrash.m */; };
		C6F837901ADE4F0400C483CF /* WLErrorTipViewController.m in Sources */ = {isa = PBXBuildFile; fileRef = C6F8374B1ADE4F0400C483CF /* WLErrorTipViewController.m */; };
		C6F837911ADE4F0400C483CF /* WLErrorTipViewController.xib in Resources */ = {isa = PBXBuildFile; fileRef = C6F8374C1ADE4F0400C483CF /* WLErrorTipViewController.xib */; };
		C6F837921ADE4F0400C483CF /* DTextField.m in Sources */ = {isa = PBXBuildFile; fileRef = C6F8374F1ADE4F0400C483CF /* DTextField.m */; };
		C6F837931ADE4F0400C483CF /* LPLabel.m in Sources */ = {isa = PBXBuildFile; fileRef = C6F837511ADE4F0400C483CF /* LPLabel.m */; };
		C6F837941ADE4F0400C483CF /* UITextField+input.m in Sources */ = {isa = PBXBuildFile; fileRef = C6F837531ADE4F0400C483CF /* UITextField+input.m */; };
		C6F837951ADE4F0400C483CF /* UINavigationController+quick.m in Sources */ = {isa = PBXBuildFile; fileRef = C6F837561ADE4F0400C483CF /* UINavigationController+quick.m */; };
		C6F837961ADE4F0400C483CF /* UIViewController+qiuck.m in Sources */ = {isa = PBXBuildFile; fileRef = C6F837581ADE4F0400C483CF /* UIViewController+qiuck.m */; };
		C6F837971ADE4F0400C483CF /* DBinding.m in Sources */ = {isa = PBXBuildFile; fileRef = C6F8375C1ADE4F0400C483CF /* DBinding.m */; };
		C6F837981ADE4F0400C483CF /* DTimer.m in Sources */ = {isa = PBXBuildFile; fileRef = C6F8375E1ADE4F0400C483CF /* DTimer.m */; };
		C6F837991ADE4F0400C483CF /* NSArray+quick.m in Sources */ = {isa = PBXBuildFile; fileRef = C6F837601ADE4F0400C483CF /* NSArray+quick.m */; };
		C6F8379A1ADE4F0400C483CF /* NSData+Encryption.m in Sources */ = {isa = PBXBuildFile; fileRef = C6F837621ADE4F0400C483CF /* NSData+Encryption.m */; };
		C6F8379B1ADE4F0400C483CF /* NSDictionary+quick.m in Sources */ = {isa = PBXBuildFile; fileRef = C6F837641ADE4F0400C483CF /* NSDictionary+quick.m */; };
		C6F8379C1ADE4F0400C483CF /* NSObject+quick.m in Sources */ = {isa = PBXBuildFile; fileRef = C6F837661ADE4F0400C483CF /* NSObject+quick.m */; };
		C6F8379D1ADE4F0400C483CF /* NSString+AES.m in Sources */ = {isa = PBXBuildFile; fileRef = C6F837681ADE4F0400C483CF /* NSString+AES.m */; };
		C6F8379E1ADE4F0400C483CF /* NSString+quick.m in Sources */ = {isa = PBXBuildFile; fileRef = C6F8376A1ADE4F0400C483CF /* NSString+quick.m */; };
		C6F8379F1ADE4F0400C483CF /* SingelObject.m in Sources */ = {isa = PBXBuildFile; fileRef = C6F8376C1ADE4F0400C483CF /* SingelObject.m */; };
		C6F837A01ADE4F0400C483CF /* DLayoutBaseView.m in Sources */ = {isa = PBXBuildFile; fileRef = C6F837701ADE4F0400C483CF /* DLayoutBaseView.m */; };
		C6F837A11ADE4F0400C483CF /* DGridView.m in Sources */ = {isa = PBXBuildFile; fileRef = C6F837731ADE4F0400C483CF /* DGridView.m */; };
		C6F837A21ADE4F0400C483CF /* DStackView.m in Sources */ = {isa = PBXBuildFile; fileRef = C6F837761ADE4F0400C483CF /* DStackView.m */; };
		C6F837A31ADE4F0400C483CF /* UIView+layout.m in Sources */ = {isa = PBXBuildFile; fileRef = C6F837781ADE4F0400C483CF /* UIView+layout.m */; };
		C6F837A41ADE4F0400C483CF /* UIViewExt.m in Sources */ = {isa = PBXBuildFile; fileRef = C6F8377A1ADE4F0400C483CF /* UIViewExt.m */; };
		C6F837A51ADE4F0400C483CF /* DWrapView.m in Sources */ = {isa = PBXBuildFile; fileRef = C6F8377D1ADE4F0400C483CF /* DWrapView.m */; };
		C6F837A61ADE4F0400C483CF /* pod.txt in Resources */ = {isa = PBXBuildFile; fileRef = C6F8377E1ADE4F0400C483CF /* pod.txt */; };
		C6F837A71ADE4F0400C483CF /* readme.txt in Resources */ = {isa = PBXBuildFile; fileRef = C6F8377F1ADE4F0400C483CF /* readme.txt */; };
		C6F837A81ADE4F0400C483CF /* UIAlertView+quick.m in Sources */ = {isa = PBXBuildFile; fileRef = C6F837821ADE4F0400C483CF /* UIAlertView+quick.m */; };
		C6F837A91ADE4F0400C483CF /* UIButton+quick.m in Sources */ = {isa = PBXBuildFile; fileRef = C6F837841ADE4F0400C483CF /* UIButton+quick.m */; };
		C6F837AA1ADE4F0400C483CF /* UIControl+BlockEvent.m in Sources */ = {isa = PBXBuildFile; fileRef = C6F837861ADE4F0400C483CF /* UIControl+BlockEvent.m */; };
		C6F837AB1ADE4F0400C483CF /* UILabel+quick.m in Sources */ = {isa = PBXBuildFile; fileRef = C6F837881ADE4F0400C483CF /* UILabel+quick.m */; };
		C6F837AC1ADE4F0400C483CF /* UIScrollView+quick.m in Sources */ = {isa = PBXBuildFile; fileRef = C6F8378A1ADE4F0400C483CF /* UIScrollView+quick.m */; };
		C6F837AD1ADE4F0400C483CF /* UITextField+quick.m in Sources */ = {isa = PBXBuildFile; fileRef = C6F8378C1ADE4F0400C483CF /* UITextField+quick.m */; };
		C6F837AE1ADE4F0400C483CF /* UIView+quick.m in Sources */ = {isa = PBXBuildFile; fileRef = C6F8378E1ADE4F0400C483CF /* UIView+quick.m */; };
/* End PBXBuildFile section */

/* Begin PBXContainerItemProxy section */
		C61232601AA97DF300CD80E8 /* PBXContainerItemProxy */ = {
			isa = PBXContainerItemProxy;
			containerPortal = C612323E1AA97DF300CD80E8 /* Project object */;
			proxyType = 1;
			remoteGlobalIDString = C61232451AA97DF300CD80E8;
			remoteInfo = test;
		};
/* End PBXContainerItemProxy section */

/* Begin PBXFileReference section */
		C61232461AA97DF300CD80E8 /* test.app */ = {isa = PBXFileReference; explicitFileType = wrapper.application; includeInIndex = 0; path = test.app; sourceTree = BUILT_PRODUCTS_DIR; };
		C612324A1AA97DF300CD80E8 /* Info.plist */ = {isa = PBXFileReference; lastKnownFileType = text.plist.xml; path = Info.plist; sourceTree = "<group>"; };
		C612324B1AA97DF300CD80E8 /* main.m */ = {isa = PBXFileReference; lastKnownFileType = sourcecode.c.objc; path = main.m; sourceTree = "<group>"; };
		C612324D1AA97DF300CD80E8 /* AppDelegate.h */ = {isa = PBXFileReference; lastKnownFileType = sourcecode.c.h; path = AppDelegate.h; sourceTree = "<group>"; };
		C612324E1AA97DF300CD80E8 /* AppDelegate.m */ = {isa = PBXFileReference; lastKnownFileType = sourcecode.c.objc; path = AppDelegate.m; sourceTree = "<group>"; };
		C61232501AA97DF300CD80E8 /* ViewController.h */ = {isa = PBXFileReference; lastKnownFileType = sourcecode.c.h; path = ViewController.h; sourceTree = "<group>"; };
		C61232511AA97DF300CD80E8 /* ViewController.m */ = {isa = PBXFileReference; lastKnownFileType = sourcecode.c.objc; path = ViewController.m; sourceTree = "<group>"; };
		C61232541AA97DF300CD80E8 /* Base */ = {isa = PBXFileReference; lastKnownFileType = file.storyboard; name = Base; path = Base.lproj/Main.storyboard; sourceTree = "<group>"; };
		C61232561AA97DF300CD80E8 /* Images.xcassets */ = {isa = PBXFileReference; lastKnownFileType = folder.assetcatalog; path = Images.xcassets; sourceTree = "<group>"; };
		C61232591AA97DF300CD80E8 /* Base */ = {isa = PBXFileReference; lastKnownFileType = file.xib; name = Base; path = Base.lproj/LaunchScreen.xib; sourceTree = "<group>"; };
		C612325F1AA97DF300CD80E8 /* testTests.xctest */ = {isa = PBXFileReference; explicitFileType = wrapper.cfbundle; includeInIndex = 0; path = testTests.xctest; sourceTree = BUILT_PRODUCTS_DIR; };
		C61232641AA97DF300CD80E8 /* Info.plist */ = {isa = PBXFileReference; lastKnownFileType = text.plist.xml; path = Info.plist; sourceTree = "<group>"; };
		C61232651AA97DF300CD80E8 /* testTests.m */ = {isa = PBXFileReference; lastKnownFileType = sourcecode.c.objc; path = testTests.m; sourceTree = "<group>"; };
		C6F837481ADE4F0400C483CF /* CatchCrash.h */ = {isa = PBXFileReference; fileEncoding = 4; lastKnownFileType = sourcecode.c.h; path = CatchCrash.h; sourceTree = "<group>"; };
		C6F837491ADE4F0400C483CF /* CatchCrash.m */ = {isa = PBXFileReference; fileEncoding = 4; lastKnownFileType = sourcecode.c.objc; path = CatchCrash.m; sourceTree = "<group>"; };
		C6F8374A1ADE4F0400C483CF /* WLErrorTipViewController.h */ = {isa = PBXFileReference; fileEncoding = 4; lastKnownFileType = sourcecode.c.h; path = WLErrorTipViewController.h; sourceTree = "<group>"; };
		C6F8374B1ADE4F0400C483CF /* WLErrorTipViewController.m */ = {isa = PBXFileReference; fileEncoding = 4; lastKnownFileType = sourcecode.c.objc; path = WLErrorTipViewController.m; sourceTree = "<group>"; };
		C6F8374C1ADE4F0400C483CF /* WLErrorTipViewController.xib */ = {isa = PBXFileReference; fileEncoding = 4; lastKnownFileType = file.xib; path = WLErrorTipViewController.xib; sourceTree = "<group>"; };
		C6F8374E1ADE4F0400C483CF /* DTextField.h */ = {isa = PBXFileReference; fileEncoding = 4; lastKnownFileType = sourcecode.c.h; path = DTextField.h; sourceTree = "<group>"; };
		C6F8374F1ADE4F0400C483CF /* DTextField.m */ = {isa = PBXFileReference; fileEncoding = 4; lastKnownFileType = sourcecode.c.objc; path = DTextField.m; sourceTree = "<group>"; };
		C6F837501ADE4F0400C483CF /* LPLabel.h */ = {isa = PBXFileReference; fileEncoding = 4; lastKnownFileType = sourcecode.c.h; path = LPLabel.h; sourceTree = "<group>"; };
		C6F837511ADE4F0400C483CF /* LPLabel.m */ = {isa = PBXFileReference; fileEncoding = 4; lastKnownFileType = sourcecode.c.objc; path = LPLabel.m; sourceTree = "<group>"; };
		C6F837521ADE4F0400C483CF /* UITextField+input.h */ = {isa = PBXFileReference; fileEncoding = 4; lastKnownFileType = sourcecode.c.h; path = "UITextField+input.h"; sourceTree = "<group>"; };
		C6F837531ADE4F0400C483CF /* UITextField+input.m */ = {isa = PBXFileReference; fileEncoding = 4; lastKnownFileType = sourcecode.c.objc; path = "UITextField+input.m"; sourceTree = "<group>"; };
		C6F837551ADE4F0400C483CF /* UINavigationController+quick.h */ = {isa = PBXFileReference; fileEncoding = 4; lastKnownFileType = sourcecode.c.h; path = "UINavigationController+quick.h"; sourceTree = "<group>"; };
		C6F837561ADE4F0400C483CF /* UINavigationController+quick.m */ = {isa = PBXFileReference; fileEncoding = 4; lastKnownFileType = sourcecode.c.objc; path = "UINavigationController+quick.m"; sourceTree = "<group>"; };
		C6F837571ADE4F0400C483CF /* UIViewController+qiuck.h */ = {isa = PBXFileReference; fileEncoding = 4; lastKnownFileType = sourcecode.c.h; path = "UIViewController+qiuck.h"; sourceTree = "<group>"; };
		C6F837581ADE4F0400C483CF /* UIViewController+qiuck.m */ = {isa = PBXFileReference; fileEncoding = 4; lastKnownFileType = sourcecode.c.objc; path = "UIViewController+qiuck.m"; sourceTree = "<group>"; };
		C6F837591ADE4F0400C483CF /* DSWKit.h */ = {isa = PBXFileReference; fileEncoding = 4; lastKnownFileType = sourcecode.c.h; path = DSWKit.h; sourceTree = "<group>"; };
		C6F8375B1ADE4F0400C483CF /* DBinding.h */ = {isa = PBXFileReference; fileEncoding = 4; lastKnownFileType = sourcecode.c.h; path = DBinding.h; sourceTree = "<group>"; };
		C6F8375C1ADE4F0400C483CF /* DBinding.m */ = {isa = PBXFileReference; fileEncoding = 4; lastKnownFileType = sourcecode.c.objc; path = DBinding.m; sourceTree = "<group>"; };
		C6F8375D1ADE4F0400C483CF /* DTimer.h */ = {isa = PBXFileReference; fileEncoding = 4; lastKnownFileType = sourcecode.c.h; path = DTimer.h; sourceTree = "<group>"; };
		C6F8375E1ADE4F0400C483CF /* DTimer.m */ = {isa = PBXFileReference; fileEncoding = 4; lastKnownFileType = sourcecode.c.objc; path = DTimer.m; sourceTree = "<group>"; };
		C6F8375F1ADE4F0400C483CF /* NSArray+quick.h */ = {isa = PBXFileReference; fileEncoding = 4; lastKnownFileType = sourcecode.c.h; path = "NSArray+quick.h"; sourceTree = "<group>"; };
		C6F837601ADE4F0400C483CF /* NSArray+quick.m */ = {isa = PBXFileReference; fileEncoding = 4; lastKnownFileType = sourcecode.c.objc; path = "NSArray+quick.m"; sourceTree = "<group>"; };
		C6F837611ADE4F0400C483CF /* NSData+Encryption.h */ = {isa = PBXFileReference; fileEncoding = 4; lastKnownFileType = sourcecode.c.h; path = "NSData+Encryption.h"; sourceTree = "<group>"; };
		C6F837621ADE4F0400C483CF /* NSData+Encryption.m */ = {isa = PBXFileReference; fileEncoding = 4; lastKnownFileType = sourcecode.c.objc; path = "NSData+Encryption.m"; sourceTree = "<group>"; };
		C6F837631ADE4F0400C483CF /* NSDictionary+quick.h */ = {isa = PBXFileReference; fileEncoding = 4; lastKnownFileType = sourcecode.c.h; path = "NSDictionary+quick.h"; sourceTree = "<group>"; };
		C6F837641ADE4F0400C483CF /* NSDictionary+quick.m */ = {isa = PBXFileReference; fileEncoding = 4; lastKnownFileType = sourcecode.c.objc; path = "NSDictionary+quick.m"; sourceTree = "<group>"; };
		C6F837651ADE4F0400C483CF /* NSObject+quick.h */ = {isa = PBXFileReference; fileEncoding = 4; lastKnownFileType = sourcecode.c.h; path = "NSObject+quick.h"; sourceTree = "<group>"; };
		C6F837661ADE4F0400C483CF /* NSObject+quick.m */ = {isa = PBXFileReference; fileEncoding = 4; lastKnownFileType = sourcecode.c.objc; path = "NSObject+quick.m"; sourceTree = "<group>"; };
		C6F837671ADE4F0400C483CF /* NSString+AES.h */ = {isa = PBXFileReference; fileEncoding = 4; lastKnownFileType = sourcecode.c.h; path = "NSString+AES.h"; sourceTree = "<group>"; };
		C6F837681ADE4F0400C483CF /* NSString+AES.m */ = {isa = PBXFileReference; fileEncoding = 4; lastKnownFileType = sourcecode.c.objc; path = "NSString+AES.m"; sourceTree = "<group>"; };
		C6F837691ADE4F0400C483CF /* NSString+quick.h */ = {isa = PBXFileReference; fileEncoding = 4; lastKnownFileType = sourcecode.c.h; path = "NSString+quick.h"; sourceTree = "<group>"; };
		C6F8376A1ADE4F0400C483CF /* NSString+quick.m */ = {isa = PBXFileReference; fileEncoding = 4; lastKnownFileType = sourcecode.c.objc; path = "NSString+quick.m"; sourceTree = "<group>"; };
		C6F8376B1ADE4F0400C483CF /* SingelObject.h */ = {isa = PBXFileReference; fileEncoding = 4; lastKnownFileType = sourcecode.c.h; path = SingelObject.h; sourceTree = "<group>"; };
		C6F8376C1ADE4F0400C483CF /* SingelObject.m */ = {isa = PBXFileReference; fileEncoding = 4; lastKnownFileType = sourcecode.c.objc; path = SingelObject.m; sourceTree = "<group>"; };
		C6F8376E1ADE4F0400C483CF /* Dlayout.h */ = {isa = PBXFileReference; fileEncoding = 4; lastKnownFileType = sourcecode.c.h; path = Dlayout.h; sourceTree = "<group>"; };
		C6F8376F1ADE4F0400C483CF /* DLayoutBaseView.h */ = {isa = PBXFileReference; fileEncoding = 4; lastKnownFileType = sourcecode.c.h; path = DLayoutBaseView.h; sourceTree = "<group>"; };
		C6F837701ADE4F0400C483CF /* DLayoutBaseView.m */ = {isa = PBXFileReference; fileEncoding = 4; lastKnownFileType = sourcecode.c.objc; path = DLayoutBaseView.m; sourceTree = "<group>"; };
		C6F837721ADE4F0400C483CF /* DGridView.h */ = {isa = PBXFileReference; fileEncoding = 4; lastKnownFileType = sourcecode.c.h; path = DGridView.h; sourceTree = "<group>"; };
		C6F837731ADE4F0400C483CF /* DGridView.m */ = {isa = PBXFileReference; fileEncoding = 4; lastKnownFileType = sourcecode.c.objc; path = DGridView.m; sourceTree = "<group>"; };
		C6F837751ADE4F0400C483CF /* DStackView.h */ = {isa = PBXFileReference; fileEncoding = 4; lastKnownFileType = sourcecode.c.h; path = DStackView.h; sourceTree = "<group>"; };
		C6F837761ADE4F0400C483CF /* DStackView.m */ = {isa = PBXFileReference; fileEncoding = 4; lastKnownFileType = sourcecode.c.objc; path = DStackView.m; sourceTree = "<group>"; };
		C6F837771ADE4F0400C483CF /* UIView+layout.h */ = {isa = PBXFileReference; fileEncoding = 4; lastKnownFileType = sourcecode.c.h; path = "UIView+layout.h"; sourceTree = "<group>"; };
		C6F837781ADE4F0400C483CF /* UIView+layout.m */ = {isa = PBXFileReference; fileEncoding = 4; lastKnownFileType = sourcecode.c.objc; path = "UIView+layout.m"; sourceTree = "<group>"; };
		C6F837791ADE4F0400C483CF /* UIViewExt.h */ = {isa = PBXFileReference; fileEncoding = 4; lastKnownFileType = sourcecode.c.h; path = UIViewExt.h; sourceTree = "<group>"; };
		C6F8377A1ADE4F0400C483CF /* UIViewExt.m */ = {isa = PBXFileReference; fileEncoding = 4; lastKnownFileType = sourcecode.c.objc; path = UIViewExt.m; sourceTree = "<group>"; };
		C6F8377C1ADE4F0400C483CF /* DWrapView.h */ = {isa = PBXFileReference; fileEncoding = 4; lastKnownFileType = sourcecode.c.h; path = DWrapView.h; sourceTree = "<group>"; };
		C6F8377D1ADE4F0400C483CF /* DWrapView.m */ = {isa = PBXFileReference; fileEncoding = 4; lastKnownFileType = sourcecode.c.objc; path = DWrapView.m; sourceTree = "<group>"; };
		C6F8377E1ADE4F0400C483CF /* pod.txt */ = {isa = PBXFileReference; fileEncoding = 4; lastKnownFileType = text; path = pod.txt; sourceTree = "<group>"; };
		C6F8377F1ADE4F0400C483CF /* readme.txt */ = {isa = PBXFileReference; fileEncoding = 4; lastKnownFileType = text; path = readme.txt; sourceTree = "<group>"; };
		C6F837811ADE4F0400C483CF /* UIAlertView+quick.h */ = {isa = PBXFileReference; fileEncoding = 4; lastKnownFileType = sourcecode.c.h; path = "UIAlertView+quick.h"; sourceTree = "<group>"; };
		C6F837821ADE4F0400C483CF /* UIAlertView+quick.m */ = {isa = PBXFileReference; fileEncoding = 4; lastKnownFileType = sourcecode.c.objc; path = "UIAlertView+quick.m"; sourceTree = "<group>"; };
		C6F837831ADE4F0400C483CF /* UIButton+quick.h */ = {isa = PBXFileReference; fileEncoding = 4; lastKnownFileType = sourcecode.c.h; path = "UIButton+quick.h"; sourceTree = "<group>"; };
		C6F837841ADE4F0400C483CF /* UIButton+quick.m */ = {isa = PBXFileReference; fileEncoding = 4; lastKnownFileType = sourcecode.c.objc; path = "UIButton+quick.m"; sourceTree = "<group>"; };
		C6F837851ADE4F0400C483CF /* UIControl+BlockEvent.h */ = {isa = PBXFileReference; fileEncoding = 4; lastKnownFileType = sourcecode.c.h; path = "UIControl+BlockEvent.h"; sourceTree = "<group>"; };
		C6F837861ADE4F0400C483CF /* UIControl+BlockEvent.m */ = {isa = PBXFileReference; fileEncoding = 4; lastKnownFileType = sourcecode.c.objc; path = "UIControl+BlockEvent.m"; sourceTree = "<group>"; };
		C6F837871ADE4F0400C483CF /* UILabel+quick.h */ = {isa = PBXFileReference; fileEncoding = 4; lastKnownFileType = sourcecode.c.h; path = "UILabel+quick.h"; sourceTree = "<group>"; };
		C6F837881ADE4F0400C483CF /* UILabel+quick.m */ = {isa = PBXFileReference; fileEncoding = 4; lastKnownFileType = sourcecode.c.objc; path = "UILabel+quick.m"; sourceTree = "<group>"; };
		C6F837891ADE4F0400C483CF /* UIScrollView+quick.h */ = {isa = PBXFileReference; fileEncoding = 4; lastKnownFileType = sourcecode.c.h; path = "UIScrollView+quick.h"; sourceTree = "<group>"; };
		C6F8378A1ADE4F0400C483CF /* UIScrollView+quick.m */ = {isa = PBXFileReference; fileEncoding = 4; lastKnownFileType = sourcecode.c.objc; path = "UIScrollView+quick.m"; sourceTree = "<group>"; };
		C6F8378B1ADE4F0400C483CF /* UITextField+quick.h */ = {isa = PBXFileReference; fileEncoding = 4; lastKnownFileType = sourcecode.c.h; path = "UITextField+quick.h"; sourceTree = "<group>"; };
		C6F8378C1ADE4F0400C483CF /* UITextField+quick.m */ = {isa = PBXFileReference; fileEncoding = 4; lastKnownFileType = sourcecode.c.objc; path = "UITextField+quick.m"; sourceTree = "<group>"; };
		C6F8378D1ADE4F0400C483CF /* UIView+quick.h */ = {isa = PBXFileReference; fileEncoding = 4; lastKnownFileType = sourcecode.c.h; path = "UIView+quick.h"; sourceTree = "<group>"; };
		C6F8378E1ADE4F0400C483CF /* UIView+quick.m */ = {isa = PBXFileReference; fileEncoding = 4; lastKnownFileType = sourcecode.c.objc; path = "UIView+quick.m"; sourceTree = "<group>"; };
/* End PBXFileReference section */

/* Begin PBXFrameworksBuildPhase section */
		C61232431AA97DF300CD80E8 /* Frameworks */ = {
			isa = PBXFrameworksBuildPhase;
			buildActionMask = 2147483647;
			files = (
			);
			runOnlyForDeploymentPostprocessing = 0;
		};
		C612325C1AA97DF300CD80E8 /* Frameworks */ = {
			isa = PBXFrameworksBuildPhase;
			buildActionMask = 2147483647;
			files = (
			);
			runOnlyForDeploymentPostprocessing = 0;
		};
/* End PBXFrameworksBuildPhase section */

/* Begin PBXGroup section */
		C612323D1AA97DF300CD80E8 = {
			isa = PBXGroup;
			children = (
				C61232481AA97DF300CD80E8 /* test */,
				C61232621AA97DF300CD80E8 /* testTests */,
				C61232471AA97DF300CD80E8 /* Products */,
			);
			sourceTree = "<group>";
		};
		C61232471AA97DF300CD80E8 /* Products */ = {
			isa = PBXGroup;
			children = (
				C61232461AA97DF300CD80E8 /* test.app */,
				C612325F1AA97DF300CD80E8 /* testTests.xctest */,
			);
			name = Products;
			sourceTree = "<group>";
		};
		C61232481AA97DF300CD80E8 /* test */ = {
			isa = PBXGroup;
			children = (
				C6F837461ADE4F0400C483CF /* dswKit */,
				C61232A51AA97E1900CD80E8 /* tool */,
				C612324D1AA97DF300CD80E8 /* AppDelegate.h */,
				C612324E1AA97DF300CD80E8 /* AppDelegate.m */,
				C61232501AA97DF300CD80E8 /* ViewController.h */,
				C61232511AA97DF300CD80E8 /* ViewController.m */,
				C61232531AA97DF300CD80E8 /* Main.storyboard */,
				C61232561AA97DF300CD80E8 /* Images.xcassets */,
				C61232581AA97DF300CD80E8 /* LaunchScreen.xib */,
				C61232491AA97DF300CD80E8 /* Supporting Files */,
			);
			path = test;
			sourceTree = "<group>";
		};
		C61232491AA97DF300CD80E8 /* Supporting Files */ = {
			isa = PBXGroup;
			children = (
				C612324A1AA97DF300CD80E8 /* Info.plist */,
				C612324B1AA97DF300CD80E8 /* main.m */,
			);
			name = "Supporting Files";
			sourceTree = "<group>";
		};
		C61232621AA97DF300CD80E8 /* testTests */ = {
			isa = PBXGroup;
			children = (
				C61232651AA97DF300CD80E8 /* testTests.m */,
				C61232631AA97DF300CD80E8 /* Supporting Files */,
			);
			path = testTests;
			sourceTree = "<group>";
		};
		C61232631AA97DF300CD80E8 /* Supporting Files */ = {
			isa = PBXGroup;
			children = (
				C61232641AA97DF300CD80E8 /* Info.plist */,
			);
			name = "Supporting Files";
			sourceTree = "<group>";
		};
		C61232A51AA97E1900CD80E8 /* tool */ = {
			isa = PBXGroup;
			children = (
			);
			path = tool;
			sourceTree = "<group>";
		};
		C6F837461ADE4F0400C483CF /* dswKit */ = {
			isa = PBXGroup;
			children = (
				C6F837471ADE4F0400C483CF /* CatchCrash */,
				C6F8374D1ADE4F0400C483CF /* Control */,
				C6F837541ADE4F0400C483CF /* controllerCategory-quick */,
				C6F837591ADE4F0400C483CF /* DSWKit.h */,
				C6F8375A1ADE4F0400C483CF /* FoundationCategory */,
				C6F8376D1ADE4F0400C483CF /* Layout */,
				C6F8377E1ADE4F0400C483CF /* pod.txt */,
				C6F8377F1ADE4F0400C483CF /* readme.txt */,
				C6F837801ADE4F0400C483CF /* UI-quick */,
			);
			path = dswKit;
			sourceTree = "<group>";
		};
		C6F837471ADE4F0400C483CF /* CatchCrash */ = {
			isa = PBXGroup;
			children = (
				C6F837481ADE4F0400C483CF /* CatchCrash.h */,
				C6F837491ADE4F0400C483CF /* CatchCrash.m */,
				C6F8374A1ADE4F0400C483CF /* WLErrorTipViewController.h */,
				C6F8374B1ADE4F0400C483CF /* WLErrorTipViewController.m */,
				C6F8374C1ADE4F0400C483CF /* WLErrorTipViewController.xib */,
			);
			path = CatchCrash;
			sourceTree = "<group>";
		};
		C6F8374D1ADE4F0400C483CF /* Control */ = {
			isa = PBXGroup;
			children = (
				C6F8374E1ADE4F0400C483CF /* DTextField.h */,
				C6F8374F1ADE4F0400C483CF /* DTextField.m */,
				C6F837501ADE4F0400C483CF /* LPLabel.h */,
				C6F837511ADE4F0400C483CF /* LPLabel.m */,
				C6F837521ADE4F0400C483CF /* UITextField+input.h */,
				C6F837531ADE4F0400C483CF /* UITextField+input.m */,
			);
			path = Control;
			sourceTree = "<group>";
		};
		C6F837541ADE4F0400C483CF /* controllerCategory-quick */ = {
			isa = PBXGroup;
			children = (
				C6F837551ADE4F0400C483CF /* UINavigationController+quick.h */,
				C6F837561ADE4F0400C483CF /* UINavigationController+quick.m */,
				C6F837571ADE4F0400C483CF /* UIViewController+qiuck.h */,
				C6F837581ADE4F0400C483CF /* UIViewController+qiuck.m */,
			);
			path = "controllerCategory-quick";
			sourceTree = "<group>";
		};
		C6F8375A1ADE4F0400C483CF /* FoundationCategory */ = {
			isa = PBXGroup;
			children = (
				C6F8375B1ADE4F0400C483CF /* DBinding.h */,
				C6F8375C1ADE4F0400C483CF /* DBinding.m */,
				C6F8375D1ADE4F0400C483CF /* DTimer.h */,
				C6F8375E1ADE4F0400C483CF /* DTimer.m */,
				C6F8375F1ADE4F0400C483CF /* NSArray+quick.h */,
				C6F837601ADE4F0400C483CF /* NSArray+quick.m */,
				C6F837611ADE4F0400C483CF /* NSData+Encryption.h */,
				C6F837621ADE4F0400C483CF /* NSData+Encryption.m */,
				C6F837631ADE4F0400C483CF /* NSDictionary+quick.h */,
				C6F837641ADE4F0400C483CF /* NSDictionary+quick.m */,
				C6F837651ADE4F0400C483CF /* NSObject+quick.h */,
				C6F837661ADE4F0400C483CF /* NSObject+quick.m */,
				C6F837671ADE4F0400C483CF /* NSString+AES.h */,
				C6F837681ADE4F0400C483CF /* NSString+AES.m */,
				C6F837691ADE4F0400C483CF /* NSString+quick.h */,
				C6F8376A1ADE4F0400C483CF /* NSString+quick.m */,
				C6F8376B1ADE4F0400C483CF /* SingelObject.h */,
				C6F8376C1ADE4F0400C483CF /* SingelObject.m */,
			);
			path = FoundationCategory;
			sourceTree = "<group>";
		};
		C6F8376D1ADE4F0400C483CF /* Layout */ = {
			isa = PBXGroup;
			children = (
				C6F8376E1ADE4F0400C483CF /* Dlayout.h */,
				C6F8376F1ADE4F0400C483CF /* DLayoutBaseView.h */,
				C6F837701ADE4F0400C483CF /* DLayoutBaseView.m */,
				C6F837711ADE4F0400C483CF /* gridview */,
				C6F837741ADE4F0400C483CF /* stackview */,
				C6F837771ADE4F0400C483CF /* UIView+layout.h */,
				C6F837781ADE4F0400C483CF /* UIView+layout.m */,
				C6F837791ADE4F0400C483CF /* UIViewExt.h */,
				C6F8377A1ADE4F0400C483CF /* UIViewExt.m */,
				C6F8377B1ADE4F0400C483CF /* wrapview */,
			);
			path = Layout;
			sourceTree = "<group>";
		};
		C6F837711ADE4F0400C483CF /* gridview */ = {
			isa = PBXGroup;
			children = (
				C6F837721ADE4F0400C483CF /* DGridView.h */,
				C6F837731ADE4F0400C483CF /* DGridView.m */,
			);
			path = gridview;
			sourceTree = "<group>";
		};
		C6F837741ADE4F0400C483CF /* stackview */ = {
			isa = PBXGroup;
			children = (
				C6F837751ADE4F0400C483CF /* DStackView.h */,
				C6F837761ADE4F0400C483CF /* DStackView.m */,
			);
			path = stackview;
			sourceTree = "<group>";
		};
		C6F8377B1ADE4F0400C483CF /* wrapview */ = {
			isa = PBXGroup;
			children = (
				C6F8377C1ADE4F0400C483CF /* DWrapView.h */,
				C6F8377D1ADE4F0400C483CF /* DWrapView.m */,
			);
			path = wrapview;
			sourceTree = "<group>";
		};
		C6F837801ADE4F0400C483CF /* UI-quick */ = {
			isa = PBXGroup;
			children = (
				C6F837811ADE4F0400C483CF /* UIAlertView+quick.h */,
				C6F837821ADE4F0400C483CF /* UIAlertView+quick.m */,
				C6F837831ADE4F0400C483CF /* UIButton+quick.h */,
				C6F837841ADE4F0400C483CF /* UIButton+quick.m */,
				C6F837851ADE4F0400C483CF /* UIControl+BlockEvent.h */,
				C6F837861ADE4F0400C483CF /* UIControl+BlockEvent.m */,
				C6F837871ADE4F0400C483CF /* UILabel+quick.h */,
				C6F837881ADE4F0400C483CF /* UILabel+quick.m */,
				C6F837891ADE4F0400C483CF /* UIScrollView+quick.h */,
				C6F8378A1ADE4F0400C483CF /* UIScrollView+quick.m */,
				C6F8378B1ADE4F0400C483CF /* UITextField+quick.h */,
				C6F8378C1ADE4F0400C483CF /* UITextField+quick.m */,
				C6F8378D1ADE4F0400C483CF /* UIView+quick.h */,
				C6F8378E1ADE4F0400C483CF /* UIView+quick.m */,
			);
			path = "UI-quick";
			sourceTree = "<group>";
		};
/* End PBXGroup section */

/* Begin PBXNativeTarget section */
		C61232451AA97DF300CD80E8 /* test */ = {
			isa = PBXNativeTarget;
			buildConfigurationList = C61232691AA97DF300CD80E8 /* Build configuration list for PBXNativeTarget "test" */;
			buildPhases = (
				C61232421AA97DF300CD80E8 /* Sources */,
				C61232431AA97DF300CD80E8 /* Frameworks */,
				C61232441AA97DF300CD80E8 /* Resources */,
			);
			buildRules = (
			);
			dependencies = (
			);
			name = test;
			productName = test;
			productReference = C61232461AA97DF300CD80E8 /* test.app */;
			productType = "com.apple.product-type.application";
		};
		C612325E1AA97DF300CD80E8 /* testTests */ = {
			isa = PBXNativeTarget;
			buildConfigurationList = C612326C1AA97DF300CD80E8 /* Build configuration list for PBXNativeTarget "testTests" */;
			buildPhases = (
				C612325B1AA97DF300CD80E8 /* Sources */,
				C612325C1AA97DF300CD80E8 /* Frameworks */,
				C612325D1AA97DF300CD80E8 /* Resources */,
			);
			buildRules = (
			);
			dependencies = (
				C61232611AA97DF300CD80E8 /* PBXTargetDependency */,
			);
			name = testTests;
			productName = testTests;
			productReference = C612325F1AA97DF300CD80E8 /* testTests.xctest */;
			productType = "com.apple.product-type.bundle.unit-test";
		};
/* End PBXNativeTarget section */

/* Begin PBXProject section */
		C612323E1AA97DF300CD80E8 /* Project object */ = {
			isa = PBXProject;
			attributes = {
				LastUpgradeCheck = 0610;
				ORGANIZATIONNAME = dsw;
				TargetAttributes = {
					C61232451AA97DF300CD80E8 = {
						CreatedOnToolsVersion = 6.1;
					};
					C612325E1AA97DF300CD80E8 = {
						CreatedOnToolsVersion = 6.1;
						TestTargetID = C61232451AA97DF300CD80E8;
					};
				};
			};
			buildConfigurationList = C61232411AA97DF300CD80E8 /* Build configuration list for PBXProject "test" */;
			compatibilityVersion = "Xcode 3.2";
			developmentRegion = English;
			hasScannedForEncodings = 0;
			knownRegions = (
				en,
				Base,
			);
			mainGroup = C612323D1AA97DF300CD80E8;
			productRefGroup = C61232471AA97DF300CD80E8 /* Products */;
			projectDirPath = "";
			projectRoot = "";
			targets = (
				C61232451AA97DF300CD80E8 /* test */,
				C612325E1AA97DF300CD80E8 /* testTests */,
			);
		};
/* End PBXProject section */

/* Begin PBXResourcesBuildPhase section */
		C61232441AA97DF300CD80E8 /* Resources */ = {
			isa = PBXResourcesBuildPhase;
			buildActionMask = 2147483647;
			files = (
				C61232551AA97DF300CD80E8 /* Main.storyboard in Resources */,
				C6F837A61ADE4F0400C483CF /* pod.txt in Resources */,
				C6F837A71ADE4F0400C483CF /* readme.txt in Resources */,
				C6F837911ADE4F0400C483CF /* WLErrorTipViewController.xib in Resources */,
				C612325A1AA97DF300CD80E8 /* LaunchScreen.xib in Resources */,
				C61232571AA97DF300CD80E8 /* Images.xcassets in Resources */,
			);
			runOnlyForDeploymentPostprocessing = 0;
		};
		C612325D1AA97DF300CD80E8 /* Resources */ = {
			isa = PBXResourcesBuildPhase;
			buildActionMask = 2147483647;
			files = (
			);
			runOnlyForDeploymentPostprocessing = 0;
		};
/* End PBXResourcesBuildPhase section */

/* Begin PBXSourcesBuildPhase section */
		C61232421AA97DF300CD80E8 /* Sources */ = {
			isa = PBXSourcesBuildPhase;
			buildActionMask = 2147483647;
			files = (
				C6F837A11ADE4F0400C483CF /* DGridView.m in Sources */,
				C6F837A01ADE4F0400C483CF /* DLayoutBaseView.m in Sources */,
				C6F837941ADE4F0400C483CF /* UITextField+input.m in Sources */,
				C6F837971ADE4F0400C483CF /* DBinding.m in Sources */,
				C6F837AA1ADE4F0400C483CF /* UIControl+BlockEvent.m in Sources */,
				C6F837AC1ADE4F0400C483CF /* UIScrollView+quick.m in Sources */,
				C6F837A91ADE4F0400C483CF /* UIButton+quick.m in Sources */,
				C6F837981ADE4F0400C483CF /* DTimer.m in Sources */,
				C6F837AB1ADE4F0400C483CF /* UILabel+quick.m in Sources */,
				C6F837921ADE4F0400C483CF /* DTextField.m in Sources */,
				C6F837A81ADE4F0400C483CF /* UIAlertView+quick.m in Sources */,
				C6F837991ADE4F0400C483CF /* NSArray+quick.m in Sources */,
				C6F8379B1ADE4F0400C483CF /* NSDictionary+quick.m in Sources */,
				C6F8379F1ADE4F0400C483CF /* SingelObject.m in Sources */,
				C6F8378F1ADE4F0400C483CF /* CatchCrash.m in Sources */,
				C6F837AE1ADE4F0400C483CF /* UIView+quick.m in Sources */,
				C61232521AA97DF300CD80E8 /* ViewController.m in Sources */,
				C6F8379D1ADE4F0400C483CF /* NSString+AES.m in Sources */,
				C6F837A41ADE4F0400C483CF /* UIViewExt.m in Sources */,
				C612324F1AA97DF300CD80E8 /* AppDelegate.m in Sources */,
				C6F837931ADE4F0400C483CF /* LPLabel.m in Sources */,
				C612324C1AA97DF300CD80E8 /* main.m in Sources */,
				C6F8379A1ADE4F0400C483CF /* NSData+Encryption.m in Sources */,
				C6F837951ADE4F0400C483CF /* UINavigationController+quick.m in Sources */,
				C6F837A51ADE4F0400C483CF /* DWrapView.m in Sources */,
				C6F837AD1ADE4F0400C483CF /* UITextField+quick.m in Sources */,
				C6F8379C1ADE4F0400C483CF /* NSObject+quick.m in Sources */,
				C6F837A21ADE4F0400C483CF /* DStackView.m in Sources */,
				C6F837901ADE4F0400C483CF /* WLErrorTipViewController.m in Sources */,
				C6F837A31ADE4F0400C483CF /* UIView+layout.m in Sources */,
				C6F8379E1ADE4F0400C483CF /* NSString+quick.m in Sources */,
				C6F837961ADE4F0400C483CF /* UIViewController+qiuck.m in Sources */,
			);
			runOnlyForDeploymentPostprocessing = 0;
		};
		C612325B1AA97DF300CD80E8 /* Sources */ = {
			isa = PBXSourcesBuildPhase;
			buildActionMask = 2147483647;
			files = (
				C61232661AA97DF300CD80E8 /* testTests.m in Sources */,
			);
			runOnlyForDeploymentPostprocessing = 0;
		};
/* End PBXSourcesBuildPhase section */

/* Begin PBXTargetDependency section */
		C61232611AA97DF300CD80E8 /* PBXTargetDependency */ = {
			isa = PBXTargetDependency;
			target = C61232451AA97DF300CD80E8 /* test */;
			targetProxy = C61232601AA97DF300CD80E8 /* PBXContainerItemProxy */;
		};
/* End PBXTargetDependency section */

/* Begin PBXVariantGroup section */
		C61232531AA97DF300CD80E8 /* Main.storyboard */ = {
			isa = PBXVariantGroup;
			children = (
				C61232541AA97DF300CD80E8 /* Base */,
			);
			name = Main.storyboard;
			sourceTree = "<group>";
		};
		C61232581AA97DF300CD80E8 /* LaunchScreen.xib */ = {
			isa = PBXVariantGroup;
			children = (
				C61232591AA97DF300CD80E8 /* Base */,
			);
			name = LaunchScreen.xib;
			sourceTree = "<group>";
		};
/* End PBXVariantGroup section */

/* Begin XCBuildConfiguration section */
		C61232671AA97DF300CD80E8 /* Debug */ = {
			isa = XCBuildConfiguration;
			buildSettings = {
				ALWAYS_SEARCH_USER_PATHS = NO;
				CLANG_CXX_LANGUAGE_STANDARD = "gnu++0x";
				CLANG_CXX_LIBRARY = "libc++";
				CLANG_ENABLE_MODULES = YES;
				CLANG_ENABLE_OBJC_ARC = YES;
				CLANG_WARN_BOOL_CONVERSION = YES;
				CLANG_WARN_CONSTANT_CONVERSION = YES;
				CLANG_WARN_DIRECT_OBJC_ISA_USAGE = YES_ERROR;
				CLANG_WARN_EMPTY_BODY = YES;
				CLANG_WARN_ENUM_CONVERSION = YES;
				CLANG_WARN_INT_CONVERSION = YES;
				CLANG_WARN_OBJC_ROOT_CLASS = YES_ERROR;
				CLANG_WARN_UNREACHABLE_CODE = YES;
				CLANG_WARN__DUPLICATE_METHOD_MATCH = YES;
				"CODE_SIGN_IDENTITY[sdk=iphoneos*]" = "iPhone Developer";
				COPY_PHASE_STRIP = NO;
				ENABLE_STRICT_OBJC_MSGSEND = YES;
				GCC_C_LANGUAGE_STANDARD = gnu99;
				GCC_DYNAMIC_NO_PIC = NO;
				GCC_OPTIMIZATION_LEVEL = 0;
				GCC_PREPROCESSOR_DEFINITIONS = (
					"DEBUG=1",
					"$(inherited)",
				);
				GCC_SYMBOLS_PRIVATE_EXTERN = NO;
				GCC_WARN_64_TO_32_BIT_CONVERSION = YES;
				GCC_WARN_ABOUT_RETURN_TYPE = YES_ERROR;
				GCC_WARN_UNDECLARED_SELECTOR = YES;
				GCC_WARN_UNINITIALIZED_AUTOS = YES_AGGRESSIVE;
				GCC_WARN_UNUSED_FUNCTION = YES;
				GCC_WARN_UNUSED_VARIABLE = YES;
				IPHONEOS_DEPLOYMENT_TARGET = 8.1;
				MTL_ENABLE_DEBUG_INFO = YES;
				ONLY_ACTIVE_ARCH = YES;
				SDKROOT = iphoneos;
			};
			name = Debug;
		};
		C61232681AA97DF300CD80E8 /* Release */ = {
			isa = XCBuildConfiguration;
			buildSettings = {
				ALWAYS_SEARCH_USER_PATHS = NO;
				CLANG_CXX_LANGUAGE_STANDARD = "gnu++0x";
				CLANG_CXX_LIBRARY = "libc++";
				CLANG_ENABLE_MODULES = YES;
				CLANG_ENABLE_OBJC_ARC = YES;
				CLANG_WARN_BOOL_CONVERSION = YES;
				CLANG_WARN_CONSTANT_CONVERSION = YES;
				CLANG_WARN_DIRECT_OBJC_ISA_USAGE = YES_ERROR;
				CLANG_WARN_EMPTY_BODY = YES;
				CLANG_WARN_ENUM_CONVERSION = YES;
				CLANG_WARN_INT_CONVERSION = YES;
				CLANG_WARN_OBJC_ROOT_CLASS = YES_ERROR;
				CLANG_WARN_UNREACHABLE_CODE = YES;
				CLANG_WARN__DUPLICATE_METHOD_MATCH = YES;
				"CODE_SIGN_IDENTITY[sdk=iphoneos*]" = "iPhone Developer";
				COPY_PHASE_STRIP = YES;
				ENABLE_NS_ASSERTIONS = NO;
				ENABLE_STRICT_OBJC_MSGSEND = YES;
				GCC_C_LANGUAGE_STANDARD = gnu99;
				GCC_WARN_64_TO_32_BIT_CONVERSION = YES;
				GCC_WARN_ABOUT_RETURN_TYPE = YES_ERROR;
				GCC_WARN_UNDECLARED_SELECTOR = YES;
				GCC_WARN_UNINITIALIZED_AUTOS = YES_AGGRESSIVE;
				GCC_WARN_UNUSED_FUNCTION = YES;
				GCC_WARN_UNUSED_VARIABLE = YES;
				IPHONEOS_DEPLOYMENT_TARGET = 8.1;
				MTL_ENABLE_DEBUG_INFO = NO;
				SDKROOT = iphoneos;
				VALIDATE_PRODUCT = YES;
			};
			name = Release;
		};
		C612326A1AA97DF300CD80E8 /* Debug */ = {
			isa = XCBuildConfiguration;
			buildSettings = {
				ASSETCATALOG_COMPILER_APPICON_NAME = AppIcon;
				INFOPLIST_FILE = test/Info.plist;
				LD_RUNPATH_SEARCH_PATHS = "$(inherited) @executable_path/Frameworks";
				PRODUCT_NAME = "$(TARGET_NAME)";
			};
			name = Debug;
		};
		C612326B1AA97DF300CD80E8 /* Release */ = {
			isa = XCBuildConfiguration;
			buildSettings = {
				ASSETCATALOG_COMPILER_APPICON_NAME = AppIcon;
				INFOPLIST_FILE = test/Info.plist;
				LD_RUNPATH_SEARCH_PATHS = "$(inherited) @executable_path/Frameworks";
				PRODUCT_NAME = "$(TARGET_NAME)";
			};
			name = Release;
		};
		C612326D1AA97DF300CD80E8 /* Debug */ = {
			isa = XCBuildConfiguration;
			buildSettings = {
				BUNDLE_LOADER = "$(TEST_HOST)";
				FRAMEWORK_SEARCH_PATHS = (
					"$(SDKROOT)/Developer/Library/Frameworks",
					"$(inherited)",
				);
				GCC_PREPROCESSOR_DEFINITIONS = (
					"DEBUG=1",
					"$(inherited)",
				);
				INFOPLIST_FILE = testTests/Info.plist;
				LD_RUNPATH_SEARCH_PATHS = "$(inherited) @executable_path/Frameworks @loader_path/Frameworks";
				PRODUCT_NAME = "$(TARGET_NAME)";
				TEST_HOST = "$(BUILT_PRODUCTS_DIR)/test.app/test";
			};
			name = Debug;
		};
		C612326E1AA97DF300CD80E8 /* Release */ = {
			isa = XCBuildConfiguration;
			buildSettings = {
				BUNDLE_LOADER = "$(TEST_HOST)";
				FRAMEWORK_SEARCH_PATHS = (
					"$(SDKROOT)/Developer/Library/Frameworks",
					"$(inherited)",
				);
				INFOPLIST_FILE = testTests/Info.plist;
				LD_RUNPATH_SEARCH_PATHS = "$(inherited) @executable_path/Frameworks @loader_path/Frameworks";
				PRODUCT_NAME = "$(TARGET_NAME)";
				TEST_HOST = "$(BUILT_PRODUCTS_DIR)/test.app/test";
			};
			name = Release;
		};
/* End XCBuildConfiguration section */

/* Begin XCConfigurationList section */
		C61232411AA97DF300CD80E8 /* Build configuration list for PBXProject "test" */ = {
			isa = XCConfigurationList;
			buildConfigurations = (
				C61232671AA97DF300CD80E8 /* Debug */,
				C61232681AA97DF300CD80E8 /* Release */,
			);
			defaultConfigurationIsVisible = 0;
			defaultConfigurationName = Release;
		};
		C61232691AA97DF300CD80E8 /* Build configuration list for PBXNativeTarget "test" */ = {
			isa = XCConfigurationList;
			buildConfigurations = (
				C612326A1AA97DF300CD80E8 /* Debug */,
				C612326B1AA97DF300CD80E8 /* Release */,
			);
			defaultConfigurationIsVisible = 0;
			defaultConfigurationName = Release;
		};
		C612326C1AA97DF300CD80E8 /* Build configuration list for PBXNativeTarget "testTests" */ = {
			isa = XCConfigurationList;
			buildConfigurations = (
				C612326D1AA97DF300CD80E8 /* Debug */,
				C612326E1AA97DF300CD80E8 /* Release */,
			);
			defaultConfigurationIsVisible = 0;
			defaultConfigurationName = Release;
		};
/* End XCConfigurationList section */
	};
	rootObject = C612323E1AA97DF300CD80E8 /* Project object */;
}
