// !$*UTF8*$!
{
	archiveVersion = 1;
	classes = {
	};
	objectVersion = 46;
	objects = {

/* Begin PBXBuildFile section */
		C612324C1AA97DF300CD80E8 /* main.m in Sources */ = {isa = PBXBuildFile; fileRef = C612324B1AA97DF300CD80E8 /* main.m */; };
		C612324F1AA97DF300CD80E8 /* AppDelegate.m in Sources */ = {isa = PBXBuildFile; fileRef = C612324E1AA97DF300CD80E8 /* AppDelegate.m */; };
		C61232521AA97DF300CD80E8 /* ViewController.m in Sources */ = {isa = PBXBuildFile; fileRef = C61232511AA97DF300CD80E8 /* ViewController.m */; };
		C61232551AA97DF300CD80E8 /* Main.storyboard in Resources */ = {isa = PBXBuildFile; fileRef = C61232531AA97DF300CD80E8 /* Main.storyboard */; };
		C61232571AA97DF300CD80E8 /* Images.xcassets in Resources */ = {isa = PBXBuildFile; fileRef = C61232561AA97DF300CD80E8 /* Images.xcassets */; };
		C612325A1AA97DF300CD80E8 /* LaunchScreen.xib in Resources */ = {isa = PBXBuildFile; fileRef = C61232581AA97DF300CD80E8 /* LaunchScreen.xib */; };
		C61232661AA97DF300CD80E8 /* testTests.m in Sources */ = {isa = PBXBuildFile; fileRef = C61232651AA97DF300CD80E8 /* testTests.m */; };
		C61232BC1AA97E1900CD80E8 /* IndexArray.m in Sources */ = {isa = PBXBuildFile; fileRef = C61232A81AA97E1900CD80E8 /* IndexArray.m */; };
		C61232BD1AA97E1900CD80E8 /* MPAlbumContentsViewController.m in Sources */ = {isa = PBXBuildFile; fileRef = C61232AA1AA97E1900CD80E8 /* MPAlbumContentsViewController.m */; };
		C61232BE1AA97E1900CD80E8 /* MPAssetsDataIsInaccessibleViewController.m in Sources */ = {isa = PBXBuildFile; fileRef = C61232AC1AA97E1900CD80E8 /* MPAssetsDataIsInaccessibleViewController.m */; };
		C61232BF1AA97E1900CD80E8 /* MPMultiplePickerImageController.m in Sources */ = {isa = PBXBuildFile; fileRef = C61232AE1AA97E1900CD80E8 /* MPMultiplePickerImageController.m */; };
		C61232C01AA97E1900CD80E8 /* MPPhotoCollectionViewCell.m in Sources */ = {isa = PBXBuildFile; fileRef = C61232B01AA97E1900CD80E8 /* MPPhotoCollectionViewCell.m */; };
		C61232C11AA97E1900CD80E8 /* MPPhotoPickerData.m in Sources */ = {isa = PBXBuildFile; fileRef = C61232B21AA97E1900CD80E8 /* MPPhotoPickerData.m */; };
		C61232C21AA97E1900CD80E8 /* MPPickerStoryboard.storyboard in Resources */ = {isa = PBXBuildFile; fileRef = C61232B31AA97E1900CD80E8 /* MPPickerStoryboard.storyboard */; };
		C61232C31AA97E1900CD80E8 /* MPRootViewController.m in Sources */ = {isa = PBXBuildFile; fileRef = C61232B51AA97E1900CD80E8 /* MPRootViewController.m */; };
		C61232C41AA97E1900CD80E8 /* MPShowBigViewController.m in Sources */ = {isa = PBXBuildFile; fileRef = C61232B71AA97E1900CD80E8 /* MPShowBigViewController.m */; };
		C61232C51AA97E1900CD80E8 /* NoPhotoChecked@2x.png in Resources */ = {isa = PBXBuildFile; fileRef = C61232B81AA97E1900CD80E8 /* NoPhotoChecked@2x.png */; };
		C61232C61AA97E1900CD80E8 /* PhotoChecked@2x.png in Resources */ = {isa = PBXBuildFile; fileRef = C61232B91AA97E1900CD80E8 /* PhotoChecked@2x.png */; };
		C61232C71AA97E1900CD80E8 /* PhotoComplete.png in Resources */ = {isa = PBXBuildFile; fileRef = C61232BA1AA97E1900CD80E8 /* PhotoComplete.png */; };
		C61232C81AA97E1900CD80E8 /* readme.txt in Resources */ = {isa = PBXBuildFile; fileRef = C61232BB1AA97E1900CD80E8 /* readme.txt */; };
		C6805A651AD376EA0027CFB7 /* CatchCrash.m in Sources */ = {isa = PBXBuildFile; fileRef = C6805A281AD376EA0027CFB7 /* CatchCrash.m */; };
		C6805A661AD376EA0027CFB7 /* WLErrorTipViewController.m in Sources */ = {isa = PBXBuildFile; fileRef = C6805A2A1AD376EA0027CFB7 /* WLErrorTipViewController.m */; };
		C6805A671AD376EA0027CFB7 /* WLErrorTipViewController.xib in Resources */ = {isa = PBXBuildFile; fileRef = C6805A2B1AD376EA0027CFB7 /* WLErrorTipViewController.xib */; };
		C6805A681AD376EA0027CFB7 /* UINavigationController+quick.m in Sources */ = {isa = PBXBuildFile; fileRef = C6805A301AD376EA0027CFB7 /* UINavigationController+quick.m */; };
		C6805A691AD376EA0027CFB7 /* UIViewController+qiuck.m in Sources */ = {isa = PBXBuildFile; fileRef = C6805A321AD376EA0027CFB7 /* UIViewController+qiuck.m */; };
		C6805A6A1AD376EA0027CFB7 /* DBinding.m in Sources */ = {isa = PBXBuildFile; fileRef = C6805A361AD376EA0027CFB7 /* DBinding.m */; };
		C6805A6B1AD376EA0027CFB7 /* DTimer.m in Sources */ = {isa = PBXBuildFile; fileRef = C6805A381AD376EA0027CFB7 /* DTimer.m */; };
		C6805A6C1AD376EA0027CFB7 /* NSArray+quick.m in Sources */ = {isa = PBXBuildFile; fileRef = C6805A3A1AD376EA0027CFB7 /* NSArray+quick.m */; };
		C6805A6D1AD376EA0027CFB7 /* NSData+Encryption.m in Sources */ = {isa = PBXBuildFile; fileRef = C6805A3C1AD376EA0027CFB7 /* NSData+Encryption.m */; };
		C6805A6E1AD376EA0027CFB7 /* NSDictionary+quick.m in Sources */ = {isa = PBXBuildFile; fileRef = C6805A3E1AD376EA0027CFB7 /* NSDictionary+quick.m */; };
		C6805A6F1AD376EA0027CFB7 /* NSObject+quick.m in Sources */ = {isa = PBXBuildFile; fileRef = C6805A401AD376EA0027CFB7 /* NSObject+quick.m */; };
		C6805A701AD376EA0027CFB7 /* NSString+AES.m in Sources */ = {isa = PBXBuildFile; fileRef = C6805A421AD376EA0027CFB7 /* NSString+AES.m */; };
		C6805A711AD376EA0027CFB7 /* NSString+quick.m in Sources */ = {isa = PBXBuildFile; fileRef = C6805A441AD376EA0027CFB7 /* NSString+quick.m */; };
		C6805A721AD376EA0027CFB7 /* SingelObject.m in Sources */ = {isa = PBXBuildFile; fileRef = C6805A461AD376EA0027CFB7 /* SingelObject.m */; };
		C6805A731AD376EA0027CFB7 /* DLayoutBaseView.m in Sources */ = {isa = PBXBuildFile; fileRef = C6805A491AD376EA0027CFB7 /* DLayoutBaseView.m */; };
		C6805A741AD376EA0027CFB7 /* DGridView.m in Sources */ = {isa = PBXBuildFile; fileRef = C6805A4C1AD376EA0027CFB7 /* DGridView.m */; };
		C6805A751AD376EA0027CFB7 /* DStackView.m in Sources */ = {isa = PBXBuildFile; fileRef = C6805A4F1AD376EA0027CFB7 /* DStackView.m */; };
		C6805A761AD376EA0027CFB7 /* DWrapView.m in Sources */ = {isa = PBXBuildFile; fileRef = C6805A521AD376EA0027CFB7 /* DWrapView.m */; };
		C6805A771AD376EA0027CFB7 /* pod.txt in Resources */ = {isa = PBXBuildFile; fileRef = C6805A531AD376EA0027CFB7 /* pod.txt */; };
		C6805A781AD376EA0027CFB7 /* LPLabel.m in Sources */ = {isa = PBXBuildFile; fileRef = C6805A561AD376EA0027CFB7 /* LPLabel.m */; };
		C6805A791AD376EA0027CFB7 /* UIAlertView+quick.m in Sources */ = {isa = PBXBuildFile; fileRef = C6805A581AD376EA0027CFB7 /* UIAlertView+quick.m */; };
		C6805A7A1AD376EA0027CFB7 /* UIButton+quick.m in Sources */ = {isa = PBXBuildFile; fileRef = C6805A5A1AD376EA0027CFB7 /* UIButton+quick.m */; };
		C6805A7B1AD376EA0027CFB7 /* UIControl+BlockEvent.m in Sources */ = {isa = PBXBuildFile; fileRef = C6805A5C1AD376EA0027CFB7 /* UIControl+BlockEvent.m */; };
		C6805A7C1AD376EA0027CFB7 /* UILabel+quick.m in Sources */ = {isa = PBXBuildFile; fileRef = C6805A5E1AD376EA0027CFB7 /* UILabel+quick.m */; };
		C6805A7D1AD376EA0027CFB7 /* UITextField+quick.m in Sources */ = {isa = PBXBuildFile; fileRef = C6805A601AD376EA0027CFB7 /* UITextField+quick.m */; };
		C6805A7E1AD376EA0027CFB7 /* UIView+quick.m in Sources */ = {isa = PBXBuildFile; fileRef = C6805A621AD376EA0027CFB7 /* UIView+quick.m */; };
		C6805A7F1AD376EA0027CFB7 /* UIViewExt.m in Sources */ = {isa = PBXBuildFile; fileRef = C6805A641AD376EA0027CFB7 /* UIViewExt.m */; };
/* End PBXBuildFile section */

/* Begin PBXContainerItemProxy section */
		C61232601AA97DF300CD80E8 /* PBXContainerItemProxy */ = {
			isa = PBXContainerItemProxy;
			containerPortal = C612323E1AA97DF300CD80E8 /* Project object */;
			proxyType = 1;
			remoteGlobalIDString = C61232451AA97DF300CD80E8;
			remoteInfo = test;
		};
/* End PBXContainerItemProxy section */

/* Begin PBXFileReference section */
		C61232461AA97DF300CD80E8 /* test.app */ = {isa = PBXFileReference; explicitFileType = wrapper.application; includeInIndex = 0; path = test.app; sourceTree = BUILT_PRODUCTS_DIR; };
		C612324A1AA97DF300CD80E8 /* Info.plist */ = {isa = PBXFileReference; lastKnownFileType = text.plist.xml; path = Info.plist; sourceTree = "<group>"; };
		C612324B1AA97DF300CD80E8 /* main.m */ = {isa = PBXFileReference; lastKnownFileType = sourcecode.c.objc; path = main.m; sourceTree = "<group>"; };
		C612324D1AA97DF300CD80E8 /* AppDelegate.h */ = {isa = PBXFileReference; lastKnownFileType = sourcecode.c.h; path = AppDelegate.h; sourceTree = "<group>"; };
		C612324E1AA97DF300CD80E8 /* AppDelegate.m */ = {isa = PBXFileReference; lastKnownFileType = sourcecode.c.objc; path = AppDelegate.m; sourceTree = "<group>"; };
		C61232501AA97DF300CD80E8 /* ViewController.h */ = {isa = PBXFileReference; lastKnownFileType = sourcecode.c.h; path = ViewController.h; sourceTree = "<group>"; };
		C61232511AA97DF300CD80E8 /* ViewController.m */ = {isa = PBXFileReference; lastKnownFileType = sourcecode.c.objc; path = ViewController.m; sourceTree = "<group>"; };
		C61232541AA97DF300CD80E8 /* Base */ = {isa = PBXFileReference; lastKnownFileType = file.storyboard; name = Base; path = Base.lproj/Main.storyboard; sourceTree = "<group>"; };
		C61232561AA97DF300CD80E8 /* Images.xcassets */ = {isa = PBXFileReference; lastKnownFileType = folder.assetcatalog; path = Images.xcassets; sourceTree = "<group>"; };
		C61232591AA97DF300CD80E8 /* Base */ = {isa = PBXFileReference; lastKnownFileType = file.xib; name = Base; path = Base.lproj/LaunchScreen.xib; sourceTree = "<group>"; };
		C612325F1AA97DF300CD80E8 /* testTests.xctest */ = {isa = PBXFileReference; explicitFileType = wrapper.cfbundle; includeInIndex = 0; path = testTests.xctest; sourceTree = BUILT_PRODUCTS_DIR; };
		C61232641AA97DF300CD80E8 /* Info.plist */ = {isa = PBXFileReference; lastKnownFileType = text.plist.xml; path = Info.plist; sourceTree = "<group>"; };
		C61232651AA97DF300CD80E8 /* testTests.m */ = {isa = PBXFileReference; lastKnownFileType = sourcecode.c.objc; path = testTests.m; sourceTree = "<group>"; };
		C61232A71AA97E1900CD80E8 /* IndexArray.h */ = {isa = PBXFileReference; fileEncoding = 4; lastKnownFileType = sourcecode.c.h; path = IndexArray.h; sourceTree = "<group>"; };
		C61232A81AA97E1900CD80E8 /* IndexArray.m */ = {isa = PBXFileReference; fileEncoding = 4; lastKnownFileType = sourcecode.c.objc; path = IndexArray.m; sourceTree = "<group>"; };
		C61232A91AA97E1900CD80E8 /* MPAlbumContentsViewController.h */ = {isa = PBXFileReference; fileEncoding = 4; lastKnownFileType = sourcecode.c.h; path = MPAlbumContentsViewController.h; sourceTree = "<group>"; };
		C61232AA1AA97E1900CD80E8 /* MPAlbumContentsViewController.m */ = {isa = PBXFileReference; fileEncoding = 4; lastKnownFileType = sourcecode.c.objc; path = MPAlbumContentsViewController.m; sourceTree = "<group>"; };
		C61232AB1AA97E1900CD80E8 /* MPAssetsDataIsInaccessibleViewController.h */ = {isa = PBXFileReference; fileEncoding = 4; lastKnownFileType = sourcecode.c.h; path = MPAssetsDataIsInaccessibleViewController.h; sourceTree = "<group>"; };
		C61232AC1AA97E1900CD80E8 /* MPAssetsDataIsInaccessibleViewController.m */ = {isa = PBXFileReference; fileEncoding = 4; lastKnownFileType = sourcecode.c.objc; path = MPAssetsDataIsInaccessibleViewController.m; sourceTree = "<group>"; };
		C61232AD1AA97E1900CD80E8 /* MPMultiplePickerImageController.h */ = {isa = PBXFileReference; fileEncoding = 4; lastKnownFileType = sourcecode.c.h; path = MPMultiplePickerImageController.h; sourceTree = "<group>"; };
		C61232AE1AA97E1900CD80E8 /* MPMultiplePickerImageController.m */ = {isa = PBXFileReference; fileEncoding = 4; lastKnownFileType = sourcecode.c.objc; path = MPMultiplePickerImageController.m; sourceTree = "<group>"; };
		C61232AF1AA97E1900CD80E8 /* MPPhotoCollectionViewCell.h */ = {isa = PBXFileReference; fileEncoding = 4; lastKnownFileType = sourcecode.c.h; path = MPPhotoCollectionViewCell.h; sourceTree = "<group>"; };
		C61232B01AA97E1900CD80E8 /* MPPhotoCollectionViewCell.m */ = {isa = PBXFileReference; fileEncoding = 4; lastKnownFileType = sourcecode.c.objc; path = MPPhotoCollectionViewCell.m; sourceTree = "<group>"; };
		C61232B11AA97E1900CD80E8 /* MPPhotoPickerData.h */ = {isa = PBXFileReference; fileEncoding = 4; lastKnownFileType = sourcecode.c.h; path = MPPhotoPickerData.h; sourceTree = "<group>"; };
		C61232B21AA97E1900CD80E8 /* MPPhotoPickerData.m */ = {isa = PBXFileReference; fileEncoding = 4; lastKnownFileType = sourcecode.c.objc; path = MPPhotoPickerData.m; sourceTree = "<group>"; };
		C61232B31AA97E1900CD80E8 /* MPPickerStoryboard.storyboard */ = {isa = PBXFileReference; fileEncoding = 4; lastKnownFileType = file.storyboard; path = MPPickerStoryboard.storyboard; sourceTree = "<group>"; };
		C61232B41AA97E1900CD80E8 /* MPRootViewController.h */ = {isa = PBXFileReference; fileEncoding = 4; lastKnownFileType = sourcecode.c.h; path = MPRootViewController.h; sourceTree = "<group>"; };
		C61232B51AA97E1900CD80E8 /* MPRootViewController.m */ = {isa = PBXFileReference; fileEncoding = 4; lastKnownFileType = sourcecode.c.objc; path = MPRootViewController.m; sourceTree = "<group>"; };
		C61232B61AA97E1900CD80E8 /* MPShowBigViewController.h */ = {isa = PBXFileReference; fileEncoding = 4; lastKnownFileType = sourcecode.c.h; path = MPShowBigViewController.h; sourceTree = "<group>"; };
		C61232B71AA97E1900CD80E8 /* MPShowBigViewController.m */ = {isa = PBXFileReference; fileEncoding = 4; lastKnownFileType = sourcecode.c.objc; path = MPShowBigViewController.m; sourceTree = "<group>"; };
		C61232B81AA97E1900CD80E8 /* NoPhotoChecked@2x.png */ = {isa = PBXFileReference; lastKnownFileType = image.png; path = "NoPhotoChecked@2x.png"; sourceTree = "<group>"; };
		C61232B91AA97E1900CD80E8 /* PhotoChecked@2x.png */ = {isa = PBXFileReference; lastKnownFileType = image.png; path = "PhotoChecked@2x.png"; sourceTree = "<group>"; };
		C61232BA1AA97E1900CD80E8 /* PhotoComplete.png */ = {isa = PBXFileReference; lastKnownFileType = image.png; path = PhotoComplete.png; sourceTree = "<group>"; };
		C61232BB1AA97E1900CD80E8 /* readme.txt */ = {isa = PBXFileReference; fileEncoding = 4; lastKnownFileType = text; path = readme.txt; sourceTree = "<group>"; };
		C6805A271AD376EA0027CFB7 /* CatchCrash.h */ = {isa = PBXFileReference; fileEncoding = 4; lastKnownFileType = sourcecode.c.h; path = CatchCrash.h; sourceTree = "<group>"; };
		C6805A281AD376EA0027CFB7 /* CatchCrash.m */ = {isa = PBXFileReference; fileEncoding = 4; lastKnownFileType = sourcecode.c.objc; path = CatchCrash.m; sourceTree = "<group>"; };
		C6805A291AD376EA0027CFB7 /* WLErrorTipViewController.h */ = {isa = PBXFileReference; fileEncoding = 4; lastKnownFileType = sourcecode.c.h; path = WLErrorTipViewController.h; sourceTree = "<group>"; };
		C6805A2A1AD376EA0027CFB7 /* WLErrorTipViewController.m */ = {isa = PBXFileReference; fileEncoding = 4; lastKnownFileType = sourcecode.c.objc; path = WLErrorTipViewController.m; sourceTree = "<group>"; };
		C6805A2B1AD376EA0027CFB7 /* WLErrorTipViewController.xib */ = {isa = PBXFileReference; fileEncoding = 4; lastKnownFileType = file.xib; path = WLErrorTipViewController.xib; sourceTree = "<group>"; };
		C6805A2F1AD376EA0027CFB7 /* UINavigationController+quick.h */ = {isa = PBXFileReference; fileEncoding = 4; lastKnownFileType = sourcecode.c.h; path = "UINavigationController+quick.h"; sourceTree = "<group>"; };
		C6805A301AD376EA0027CFB7 /* UINavigationController+quick.m */ = {isa = PBXFileReference; fileEncoding = 4; lastKnownFileType = sourcecode.c.objc; path = "UINavigationController+quick.m"; sourceTree = "<group>"; };
		C6805A311AD376EA0027CFB7 /* UIViewController+qiuck.h */ = {isa = PBXFileReference; fileEncoding = 4; lastKnownFileType = sourcecode.c.h; path = "UIViewController+qiuck.h"; sourceTree = "<group>"; };
		C6805A321AD376EA0027CFB7 /* UIViewController+qiuck.m */ = {isa = PBXFileReference; fileEncoding = 4; lastKnownFileType = sourcecode.c.objc; path = "UIViewController+qiuck.m"; sourceTree = "<group>"; };
		C6805A331AD376EA0027CFB7 /* DSWKit.h */ = {isa = PBXFileReference; fileEncoding = 4; lastKnownFileType = sourcecode.c.h; path = DSWKit.h; sourceTree = "<group>"; };
		C6805A351AD376EA0027CFB7 /* DBinding.h */ = {isa = PBXFileReference; fileEncoding = 4; lastKnownFileType = sourcecode.c.h; path = DBinding.h; sourceTree = "<group>"; };
		C6805A361AD376EA0027CFB7 /* DBinding.m */ = {isa = PBXFileReference; fileEncoding = 4; lastKnownFileType = sourcecode.c.objc; path = DBinding.m; sourceTree = "<group>"; };
		C6805A371AD376EA0027CFB7 /* DTimer.h */ = {isa = PBXFileReference; fileEncoding = 4; lastKnownFileType = sourcecode.c.h; path = DTimer.h; sourceTree = "<group>"; };
		C6805A381AD376EA0027CFB7 /* DTimer.m */ = {isa = PBXFileReference; fileEncoding = 4; lastKnownFileType = sourcecode.c.objc; path = DTimer.m; sourceTree = "<group>"; };
		C6805A391AD376EA0027CFB7 /* NSArray+quick.h */ = {isa = PBXFileReference; fileEncoding = 4; lastKnownFileType = sourcecode.c.h; path = "NSArray+quick.h"; sourceTree = "<group>"; };
		C6805A3A1AD376EA0027CFB7 /* NSArray+quick.m */ = {isa = PBXFileReference; fileEncoding = 4; lastKnownFileType = sourcecode.c.objc; path = "NSArray+quick.m"; sourceTree = "<group>"; };
		C6805A3B1AD376EA0027CFB7 /* NSData+Encryption.h */ = {isa = PBXFileReference; fileEncoding = 4; lastKnownFileType = sourcecode.c.h; path = "NSData+Encryption.h"; sourceTree = "<group>"; };
		C6805A3C1AD376EA0027CFB7 /* NSData+Encryption.m */ = {isa = PBXFileReference; fileEncoding = 4; lastKnownFileType = sourcecode.c.objc; path = "NSData+Encryption.m"; sourceTree = "<group>"; };
		C6805A3D1AD376EA0027CFB7 /* NSDictionary+quick.h */ = {isa = PBXFileReference; fileEncoding = 4; lastKnownFileType = sourcecode.c.h; path = "NSDictionary+quick.h"; sourceTree = "<group>"; };
		C6805A3E1AD376EA0027CFB7 /* NSDictionary+quick.m */ = {isa = PBXFileReference; fileEncoding = 4; lastKnownFileType = sourcecode.c.objc; path = "NSDictionary+quick.m"; sourceTree = "<group>"; };
		C6805A3F1AD376EA0027CFB7 /* NSObject+quick.h */ = {isa = PBXFileReference; fileEncoding = 4; lastKnownFileType = sourcecode.c.h; path = "NSObject+quick.h"; sourceTree = "<group>"; };
		C6805A401AD376EA0027CFB7 /* NSObject+quick.m */ = {isa = PBXFileReference; fileEncoding = 4; lastKnownFileType = sourcecode.c.objc; path = "NSObject+quick.m"; sourceTree = "<group>"; };
		C6805A411AD376EA0027CFB7 /* NSString+AES.h */ = {isa = PBXFileReference; fileEncoding = 4; lastKnownFileType = sourcecode.c.h; path = "NSString+AES.h"; sourceTree = "<group>"; };
		C6805A421AD376EA0027CFB7 /* NSString+AES.m */ = {isa = PBXFileReference; fileEncoding = 4; lastKnownFileType = sourcecode.c.objc; path = "NSString+AES.m"; sourceTree = "<group>"; };
		C6805A431AD376EA0027CFB7 /* NSString+quick.h */ = {isa = PBXFileReference; fileEncoding = 4; lastKnownFileType = sourcecode.c.h; path = "NSString+quick.h"; sourceTree = "<group>"; };
		C6805A441AD376EA0027CFB7 /* NSString+quick.m */ = {isa = PBXFileReference; fileEncoding = 4; lastKnownFileType = sourcecode.c.objc; path = "NSString+quick.m"; sourceTree = "<group>"; };
		C6805A451AD376EA0027CFB7 /* SingelObject.h */ = {isa = PBXFileReference; fileEncoding = 4; lastKnownFileType = sourcecode.c.h; path = SingelObject.h; sourceTree = "<group>"; };
		C6805A461AD376EA0027CFB7 /* SingelObject.m */ = {isa = PBXFileReference; fileEncoding = 4; lastKnownFileType = sourcecode.c.objc; path = SingelObject.m; sourceTree = "<group>"; };
		C6805A481AD376EA0027CFB7 /* DLayoutBaseView.h */ = {isa = PBXFileReference; fileEncoding = 4; lastKnownFileType = sourcecode.c.h; path = DLayoutBaseView.h; sourceTree = "<group>"; };
		C6805A491AD376EA0027CFB7 /* DLayoutBaseView.m */ = {isa = PBXFileReference; fileEncoding = 4; lastKnownFileType = sourcecode.c.objc; path = DLayoutBaseView.m; sourceTree = "<group>"; };
		C6805A4B1AD376EA0027CFB7 /* DGridView.h */ = {isa = PBXFileReference; fileEncoding = 4; lastKnownFileType = sourcecode.c.h; path = DGridView.h; sourceTree = "<group>"; };
		C6805A4C1AD376EA0027CFB7 /* DGridView.m */ = {isa = PBXFileReference; fileEncoding = 4; lastKnownFileType = sourcecode.c.objc; path = DGridView.m; sourceTree = "<group>"; };
		C6805A4E1AD376EA0027CFB7 /* DStackView.h */ = {isa = PBXFileReference; fileEncoding = 4; lastKnownFileType = sourcecode.c.h; path = DStackView.h; sourceTree = "<group>"; };
		C6805A4F1AD376EA0027CFB7 /* DStackView.m */ = {isa = PBXFileReference; fileEncoding = 4; lastKnownFileType = sourcecode.c.objc; path = DStackView.m; sourceTree = "<group>"; };
		C6805A511AD376EA0027CFB7 /* DWrapView.h */ = {isa = PBXFileReference; fileEncoding = 4; lastKnownFileType = sourcecode.c.h; path = DWrapView.h; sourceTree = "<group>"; };
		C6805A521AD376EA0027CFB7 /* DWrapView.m */ = {isa = PBXFileReference; fileEncoding = 4; lastKnownFileType = sourcecode.c.objc; path = DWrapView.m; sourceTree = "<group>"; };
		C6805A531AD376EA0027CFB7 /* pod.txt */ = {isa = PBXFileReference; fileEncoding = 4; lastKnownFileType = text; path = pod.txt; sourceTree = "<group>"; };
		C6805A551AD376EA0027CFB7 /* LPLabel.h */ = {isa = PBXFileReference; fileEncoding = 4; lastKnownFileType = sourcecode.c.h; path = LPLabel.h; sourceTree = "<group>"; };
		C6805A561AD376EA0027CFB7 /* LPLabel.m */ = {isa = PBXFileReference; fileEncoding = 4; lastKnownFileType = sourcecode.c.objc; path = LPLabel.m; sourceTree = "<group>"; };
		C6805A571AD376EA0027CFB7 /* UIAlertView+quick.h */ = {isa = PBXFileReference; fileEncoding = 4; lastKnownFileType = sourcecode.c.h; path = "UIAlertView+quick.h"; sourceTree = "<group>"; };
		C6805A581AD376EA0027CFB7 /* UIAlertView+quick.m */ = {isa = PBXFileReference; fileEncoding = 4; lastKnownFileType = sourcecode.c.objc; path = "UIAlertView+quick.m"; sourceTree = "<group>"; };
		C6805A591AD376EA0027CFB7 /* UIButton+quick.h */ = {isa = PBXFileReference; fileEncoding = 4; lastKnownFileType = sourcecode.c.h; path = "UIButton+quick.h"; sourceTree = "<group>"; };
		C6805A5A1AD376EA0027CFB7 /* UIButton+quick.m */ = {isa = PBXFileReference; fileEncoding = 4; lastKnownFileType = sourcecode.c.objc; path = "UIButton+quick.m"; sourceTree = "<group>"; };
		C6805A5B1AD376EA0027CFB7 /* UIControl+BlockEvent.h */ = {isa = PBXFileReference; fileEncoding = 4; lastKnownFileType = sourcecode.c.h; path = "UIControl+BlockEvent.h"; sourceTree = "<group>"; };
		C6805A5C1AD376EA0027CFB7 /* UIControl+BlockEvent.m */ = {isa = PBXFileReference; fileEncoding = 4; lastKnownFileType = sourcecode.c.objc; path = "UIControl+BlockEvent.m"; sourceTree = "<group>"; };
		C6805A5D1AD376EA0027CFB7 /* UILabel+quick.h */ = {isa = PBXFileReference; fileEncoding = 4; lastKnownFileType = sourcecode.c.h; path = "UILabel+quick.h"; sourceTree = "<group>"; };
		C6805A5E1AD376EA0027CFB7 /* UILabel+quick.m */ = {isa = PBXFileReference; fileEncoding = 4; lastKnownFileType = sourcecode.c.objc; path = "UILabel+quick.m"; sourceTree = "<group>"; };
		C6805A5F1AD376EA0027CFB7 /* UITextField+quick.h */ = {isa = PBXFileReference; fileEncoding = 4; lastKnownFileType = sourcecode.c.h; path = "UITextField+quick.h"; sourceTree = "<group>"; };
		C6805A601AD376EA0027CFB7 /* UITextField+quick.m */ = {isa = PBXFileReference; fileEncoding = 4; lastKnownFileType = sourcecode.c.objc; path = "UITextField+quick.m"; sourceTree = "<group>"; };
		C6805A611AD376EA0027CFB7 /* UIView+quick.h */ = {isa = PBXFileReference; fileEncoding = 4; lastKnownFileType = sourcecode.c.h; path = "UIView+quick.h"; sourceTree = "<group>"; };
		C6805A621AD376EA0027CFB7 /* UIView+quick.m */ = {isa = PBXFileReference; fileEncoding = 4; lastKnownFileType = sourcecode.c.objc; path = "UIView+quick.m"; sourceTree = "<group>"; };
		C6805A631AD376EA0027CFB7 /* UIViewExt.h */ = {isa = PBXFileReference; fileEncoding = 4; lastKnownFileType = sourcecode.c.h; path = UIViewExt.h; sourceTree = "<group>"; };
		C6805A641AD376EA0027CFB7 /* UIViewExt.m */ = {isa = PBXFileReference; fileEncoding = 4; lastKnownFileType = sourcecode.c.objc; path = UIViewExt.m; sourceTree = "<group>"; };
/* End PBXFileReference section */

/* Begin PBXFrameworksBuildPhase section */
		C61232431AA97DF300CD80E8 /* Frameworks */ = {
			isa = PBXFrameworksBuildPhase;
			buildActionMask = 2147483647;
			files = (
			);
			runOnlyForDeploymentPostprocessing = 0;
		};
		C612325C1AA97DF300CD80E8 /* Frameworks */ = {
			isa = PBXFrameworksBuildPhase;
			buildActionMask = 2147483647;
			files = (
			);
			runOnlyForDeploymentPostprocessing = 0;
		};
/* End PBXFrameworksBuildPhase section */

/* Begin PBXGroup section */
		C612323D1AA97DF300CD80E8 = {
			isa = PBXGroup;
			children = (
				C61232481AA97DF300CD80E8 /* test */,
				C61232621AA97DF300CD80E8 /* testTests */,
				C61232471AA97DF300CD80E8 /* Products */,
			);
			sourceTree = "<group>";
		};
		C61232471AA97DF300CD80E8 /* Products */ = {
			isa = PBXGroup;
			children = (
				C61232461AA97DF300CD80E8 /* test.app */,
				C612325F1AA97DF300CD80E8 /* testTests.xctest */,
			);
			name = Products;
			sourceTree = "<group>";
		};
		C61232481AA97DF300CD80E8 /* test */ = {
			isa = PBXGroup;
			children = (
				C6805A251AD376EA0027CFB7 /* dswKit */,
				C61232A51AA97E1900CD80E8 /* tool */,
				C612324D1AA97DF300CD80E8 /* AppDelegate.h */,
				C612324E1AA97DF300CD80E8 /* AppDelegate.m */,
				C61232501AA97DF300CD80E8 /* ViewController.h */,
				C61232511AA97DF300CD80E8 /* ViewController.m */,
				C61232531AA97DF300CD80E8 /* Main.storyboard */,
				C61232561AA97DF300CD80E8 /* Images.xcassets */,
				C61232581AA97DF300CD80E8 /* LaunchScreen.xib */,
				C61232491AA97DF300CD80E8 /* Supporting Files */,
			);
			path = test;
			sourceTree = "<group>";
		};
		C61232491AA97DF300CD80E8 /* Supporting Files */ = {
			isa = PBXGroup;
			children = (
				C612324A1AA97DF300CD80E8 /* Info.plist */,
				C612324B1AA97DF300CD80E8 /* main.m */,
			);
			name = "Supporting Files";
			sourceTree = "<group>";
		};
		C61232621AA97DF300CD80E8 /* testTests */ = {
			isa = PBXGroup;
			children = (
				C61232651AA97DF300CD80E8 /* testTests.m */,
				C61232631AA97DF300CD80E8 /* Supporting Files */,
			);
			path = testTests;
			sourceTree = "<group>";
		};
		C61232631AA97DF300CD80E8 /* Supporting Files */ = {
			isa = PBXGroup;
			children = (
				C61232641AA97DF300CD80E8 /* Info.plist */,
			);
			name = "Supporting Files";
			sourceTree = "<group>";
		};
		C61232A51AA97E1900CD80E8 /* tool */ = {
			isa = PBXGroup;
			children = (
				C61232A61AA97E1900CD80E8 /* imagePicker */,
			);
			path = tool;
			sourceTree = "<group>";
		};
		C61232A61AA97E1900CD80E8 /* imagePicker */ = {
			isa = PBXGroup;
			children = (
				C61232A71AA97E1900CD80E8 /* IndexArray.h */,
				C61232A81AA97E1900CD80E8 /* IndexArray.m */,
				C61232A91AA97E1900CD80E8 /* MPAlbumContentsViewController.h */,
				C61232AA1AA97E1900CD80E8 /* MPAlbumContentsViewController.m */,
				C61232AB1AA97E1900CD80E8 /* MPAssetsDataIsInaccessibleViewController.h */,
				C61232AC1AA97E1900CD80E8 /* MPAssetsDataIsInaccessibleViewController.m */,
				C61232AD1AA97E1900CD80E8 /* MPMultiplePickerImageController.h */,
				C61232AE1AA97E1900CD80E8 /* MPMultiplePickerImageController.m */,
				C61232AF1AA97E1900CD80E8 /* MPPhotoCollectionViewCell.h */,
				C61232B01AA97E1900CD80E8 /* MPPhotoCollectionViewCell.m */,
				C61232B11AA97E1900CD80E8 /* MPPhotoPickerData.h */,
				C61232B21AA97E1900CD80E8 /* MPPhotoPickerData.m */,
				C61232B31AA97E1900CD80E8 /* MPPickerStoryboard.storyboard */,
				C61232B41AA97E1900CD80E8 /* MPRootViewController.h */,
				C61232B51AA97E1900CD80E8 /* MPRootViewController.m */,
				C61232B61AA97E1900CD80E8 /* MPShowBigViewController.h */,
				C61232B71AA97E1900CD80E8 /* MPShowBigViewController.m */,
				C61232B81AA97E1900CD80E8 /* NoPhotoChecked@2x.png */,
				C61232B91AA97E1900CD80E8 /* PhotoChecked@2x.png */,
				C61232BA1AA97E1900CD80E8 /* PhotoComplete.png */,
				C61232BB1AA97E1900CD80E8 /* readme.txt */,
			);
			path = imagePicker;
			sourceTree = "<group>";
		};
		C6805A251AD376EA0027CFB7 /* dswKit */ = {
			isa = PBXGroup;
			children = (
				C6805A261AD376EA0027CFB7 /* CatchCrash */,
				C6805A2C1AD376EA0027CFB7 /* Control */,
				C6805A2E1AD376EA0027CFB7 /* controllerCategory */,
				C6805A331AD376EA0027CFB7 /* DSWKit.h */,
				C6805A341AD376EA0027CFB7 /* FoundationCategory */,
				C6805A471AD376EA0027CFB7 /* Layout */,
				C6805A531AD376EA0027CFB7 /* pod.txt */,
				C6805A541AD376EA0027CFB7 /* UICategory */,
			);
			path = dswKit;
			sourceTree = "<group>";
		};
		C6805A261AD376EA0027CFB7 /* CatchCrash */ = {
			isa = PBXGroup;
			children = (
				C6805A271AD376EA0027CFB7 /* CatchCrash.h */,
				C6805A281AD376EA0027CFB7 /* CatchCrash.m */,
				C6805A291AD376EA0027CFB7 /* WLErrorTipViewController.h */,
				C6805A2A1AD376EA0027CFB7 /* WLErrorTipViewController.m */,
				C6805A2B1AD376EA0027CFB7 /* WLErrorTipViewController.xib */,
			);
			path = CatchCrash;
			sourceTree = "<group>";
		};
		C6805A2C1AD376EA0027CFB7 /* Control */ = {
			isa = PBXGroup;
			children = (
				C6805A2D1AD376EA0027CFB7 /* SDCycleScrollView */,
			);
			path = Control;
			sourceTree = "<group>";
		};
		C6805A2D1AD376EA0027CFB7 /* SDCycleScrollView */ = {
			isa = PBXGroup;
			children = (
			);
			path = SDCycleScrollView;
			sourceTree = "<group>";
		};
		C6805A2E1AD376EA0027CFB7 /* controllerCategory */ = {
			isa = PBXGroup;
			children = (
				C6805A2F1AD376EA0027CFB7 /* UINavigationController+quick.h */,
				C6805A301AD376EA0027CFB7 /* UINavigationController+quick.m */,
				C6805A311AD376EA0027CFB7 /* UIViewController+qiuck.h */,
				C6805A321AD376EA0027CFB7 /* UIViewController+qiuck.m */,
			);
			path = controllerCategory;
			sourceTree = "<group>";
		};
		C6805A341AD376EA0027CFB7 /* FoundationCategory */ = {
			isa = PBXGroup;
			children = (
				C6805A351AD376EA0027CFB7 /* DBinding.h */,
				C6805A361AD376EA0027CFB7 /* DBinding.m */,
				C6805A371AD376EA0027CFB7 /* DTimer.h */,
				C6805A381AD376EA0027CFB7 /* DTimer.m */,
				C6805A391AD376EA0027CFB7 /* NSArray+quick.h */,
				C6805A3A1AD376EA0027CFB7 /* NSArray+quick.m */,
				C6805A3B1AD376EA0027CFB7 /* NSData+Encryption.h */,
				C6805A3C1AD376EA0027CFB7 /* NSData+Encryption.m */,
				C6805A3D1AD376EA0027CFB7 /* NSDictionary+quick.h */,
				C6805A3E1AD376EA0027CFB7 /* NSDictionary+quick.m */,
				C6805A3F1AD376EA0027CFB7 /* NSObject+quick.h */,
				C6805A401AD376EA0027CFB7 /* NSObject+quick.m */,
				C6805A411AD376EA0027CFB7 /* NSString+AES.h */,
				C6805A421AD376EA0027CFB7 /* NSString+AES.m */,
				C6805A431AD376EA0027CFB7 /* NSString+quick.h */,
				C6805A441AD376EA0027CFB7 /* NSString+quick.m */,
				C6805A451AD376EA0027CFB7 /* SingelObject.h */,
				C6805A461AD376EA0027CFB7 /* SingelObject.m */,
			);
			path = FoundationCategory;
			sourceTree = "<group>";
		};
		C6805A471AD376EA0027CFB7 /* Layout */ = {
			isa = PBXGroup;
			children = (
				C6805A481AD376EA0027CFB7 /* DLayoutBaseView.h */,
				C6805A491AD376EA0027CFB7 /* DLayoutBaseView.m */,
				C6805A4A1AD376EA0027CFB7 /* gridview */,
				C6805A4D1AD376EA0027CFB7 /* stackview */,
				C6805A501AD376EA0027CFB7 /* wrapview */,
			);
			path = Layout;
			sourceTree = "<group>";
		};
		C6805A4A1AD376EA0027CFB7 /* gridview */ = {
			isa = PBXGroup;
			children = (
				C6805A4B1AD376EA0027CFB7 /* DGridView.h */,
				C6805A4C1AD376EA0027CFB7 /* DGridView.m */,
			);
			path = gridview;
			sourceTree = "<group>";
		};
		C6805A4D1AD376EA0027CFB7 /* stackview */ = {
			isa = PBXGroup;
			children = (
				C6805A4E1AD376EA0027CFB7 /* DStackView.h */,
				C6805A4F1AD376EA0027CFB7 /* DStackView.m */,
			);
			path = stackview;
			sourceTree = "<group>";
		};
		C6805A501AD376EA0027CFB7 /* wrapview */ = {
			isa = PBXGroup;
			children = (
				C6805A511AD376EA0027CFB7 /* DWrapView.h */,
				C6805A521AD376EA0027CFB7 /* DWrapView.m */,
			);
			path = wrapview;
			sourceTree = "<group>";
		};
		C6805A541AD376EA0027CFB7 /* UICategory */ = {
			isa = PBXGroup;
			children = (
				C6805A551AD376EA0027CFB7 /* LPLabel.h */,
				C6805A561AD376EA0027CFB7 /* LPLabel.m */,
				C6805A571AD376EA0027CFB7 /* UIAlertView+quick.h */,
				C6805A581AD376EA0027CFB7 /* UIAlertView+quick.m */,
				C6805A591AD376EA0027CFB7 /* UIButton+quick.h */,
				C6805A5A1AD376EA0027CFB7 /* UIButton+quick.m */,
				C6805A5B1AD376EA0027CFB7 /* UIControl+BlockEvent.h */,
				C6805A5C1AD376EA0027CFB7 /* UIControl+BlockEvent.m */,
				C6805A5D1AD376EA0027CFB7 /* UILabel+quick.h */,
				C6805A5E1AD376EA0027CFB7 /* UILabel+quick.m */,
				C6805A5F1AD376EA0027CFB7 /* UITextField+quick.h */,
				C6805A601AD376EA0027CFB7 /* UITextField+quick.m */,
				C6805A611AD376EA0027CFB7 /* UIView+quick.h */,
				C6805A621AD376EA0027CFB7 /* UIView+quick.m */,
				C6805A631AD376EA0027CFB7 /* UIViewExt.h */,
				C6805A641AD376EA0027CFB7 /* UIViewExt.m */,
			);
			path = UICategory;
			sourceTree = "<group>";
		};
/* End PBXGroup section */

/* Begin PBXNativeTarget section */
		C61232451AA97DF300CD80E8 /* test */ = {
			isa = PBXNativeTarget;
			buildConfigurationList = C61232691AA97DF300CD80E8 /* Build configuration list for PBXNativeTarget "test" */;
			buildPhases = (
				C61232421AA97DF300CD80E8 /* Sources */,
				C61232431AA97DF300CD80E8 /* Frameworks */,
				C61232441AA97DF300CD80E8 /* Resources */,
			);
			buildRules = (
			);
			dependencies = (
			);
			name = test;
			productName = test;
			productReference = C61232461AA97DF300CD80E8 /* test.app */;
			productType = "com.apple.product-type.application";
		};
		C612325E1AA97DF300CD80E8 /* testTests */ = {
			isa = PBXNativeTarget;
			buildConfigurationList = C612326C1AA97DF300CD80E8 /* Build configuration list for PBXNativeTarget "testTests" */;
			buildPhases = (
				C612325B1AA97DF300CD80E8 /* Sources */,
				C612325C1AA97DF300CD80E8 /* Frameworks */,
				C612325D1AA97DF300CD80E8 /* Resources */,
			);
			buildRules = (
			);
			dependencies = (
				C61232611AA97DF300CD80E8 /* PBXTargetDependency */,
			);
			name = testTests;
			productName = testTests;
			productReference = C612325F1AA97DF300CD80E8 /* testTests.xctest */;
			productType = "com.apple.product-type.bundle.unit-test";
		};
/* End PBXNativeTarget section */

/* Begin PBXProject section */
		C612323E1AA97DF300CD80E8 /* Project object */ = {
			isa = PBXProject;
			attributes = {
				LastUpgradeCheck = 0610;
				ORGANIZATIONNAME = dsw;
				TargetAttributes = {
					C61232451AA97DF300CD80E8 = {
						CreatedOnToolsVersion = 6.1;
					};
					C612325E1AA97DF300CD80E8 = {
						CreatedOnToolsVersion = 6.1;
						TestTargetID = C61232451AA97DF300CD80E8;
					};
				};
			};
			buildConfigurationList = C61232411AA97DF300CD80E8 /* Build configuration list for PBXProject "test" */;
			compatibilityVersion = "Xcode 3.2";
			developmentRegion = English;
			hasScannedForEncodings = 0;
			knownRegions = (
				en,
				Base,
			);
			mainGroup = C612323D1AA97DF300CD80E8;
			productRefGroup = C61232471AA97DF300CD80E8 /* Products */;
			projectDirPath = "";
			projectRoot = "";
			targets = (
				C61232451AA97DF300CD80E8 /* test */,
				C612325E1AA97DF300CD80E8 /* testTests */,
			);
		};
/* End PBXProject section */

/* Begin PBXResourcesBuildPhase section */
		C61232441AA97DF300CD80E8 /* Resources */ = {
			isa = PBXResourcesBuildPhase;
			buildActionMask = 2147483647;
			files = (
				C61232C81AA97E1900CD80E8 /* readme.txt in Resources */,
				C61232551AA97DF300CD80E8 /* Main.storyboard in Resources */,
				C6805A771AD376EA0027CFB7 /* pod.txt in Resources */,
				C61232C61AA97E1900CD80E8 /* PhotoChecked@2x.png in Resources */,
				C6805A671AD376EA0027CFB7 /* WLErrorTipViewController.xib in Resources */,
				C612325A1AA97DF300CD80E8 /* LaunchScreen.xib in Resources */,
				C61232C51AA97E1900CD80E8 /* NoPhotoChecked@2x.png in Resources */,
				C61232C21AA97E1900CD80E8 /* MPPickerStoryboard.storyboard in Resources */,
				C61232571AA97DF300CD80E8 /* Images.xcassets in Resources */,
				C61232C71AA97E1900CD80E8 /* PhotoComplete.png in Resources */,
			);
			runOnlyForDeploymentPostprocessing = 0;
		};
		C612325D1AA97DF300CD80E8 /* Resources */ = {
			isa = PBXResourcesBuildPhase;
			buildActionMask = 2147483647;
			files = (
			);
			runOnlyForDeploymentPostprocessing = 0;
		};
/* End PBXResourcesBuildPhase section */

/* Begin PBXSourcesBuildPhase section */
		C61232421AA97DF300CD80E8 /* Sources */ = {
			isa = PBXSourcesBuildPhase;
			buildActionMask = 2147483647;
			files = (
				C61232BE1AA97E1900CD80E8 /* MPAssetsDataIsInaccessibleViewController.m in Sources */,
				C6805A7C1AD376EA0027CFB7 /* UILabel+quick.m in Sources */,
				C61232BF1AA97E1900CD80E8 /* MPMultiplePickerImageController.m in Sources */,
				C61232C41AA97E1900CD80E8 /* MPShowBigViewController.m in Sources */,
				C6805A7F1AD376EA0027CFB7 /* UIViewExt.m in Sources */,
				C6805A7A1AD376EA0027CFB7 /* UIButton+quick.m in Sources */,
				C6805A751AD376EA0027CFB7 /* DStackView.m in Sources */,
				C6805A651AD376EA0027CFB7 /* CatchCrash.m in Sources */,
				C6805A6A1AD376EA0027CFB7 /* DBinding.m in Sources */,
				C6805A701AD376EA0027CFB7 /* NSString+AES.m in Sources */,
				C6805A7B1AD376EA0027CFB7 /* UIControl+BlockEvent.m in Sources */,
				C6805A761AD376EA0027CFB7 /* DWrapView.m in Sources */,
				C61232C11AA97E1900CD80E8 /* MPPhotoPickerData.m in Sources */,
				C61232521AA97DF300CD80E8 /* ViewController.m in Sources */,
				C6805A7E1AD376EA0027CFB7 /* UIView+quick.m in Sources */,
				C6805A7D1AD376EA0027CFB7 /* UITextField+quick.m in Sources */,
				C61232BC1AA97E1900CD80E8 /* IndexArray.m in Sources */,
				C6805A691AD376EA0027CFB7 /* UIViewController+qiuck.m in Sources */,
				C612324F1AA97DF300CD80E8 /* AppDelegate.m in Sources */,
				C6805A6E1AD376EA0027CFB7 /* NSDictionary+quick.m in Sources */,
				C6805A6C1AD376EA0027CFB7 /* NSArray+quick.m in Sources */,
				C6805A731AD376EA0027CFB7 /* DLayoutBaseView.m in Sources */,
				C612324C1AA97DF300CD80E8 /* main.m in Sources */,
				C6805A791AD376EA0027CFB7 /* UIAlertView+quick.m in Sources */,
				C6805A6D1AD376EA0027CFB7 /* NSData+Encryption.m in Sources */,
				C6805A681AD376EA0027CFB7 /* UINavigationController+quick.m in Sources */,
				C61232C31AA97E1900CD80E8 /* MPRootViewController.m in Sources */,
				C6805A661AD376EA0027CFB7 /* WLErrorTipViewController.m in Sources */,
				C6805A721AD376EA0027CFB7 /* SingelObject.m in Sources */,
				C61232BD1AA97E1900CD80E8 /* MPAlbumContentsViewController.m in Sources */,
				C6805A711AD376EA0027CFB7 /* NSString+quick.m in Sources */,
				C61232C01AA97E1900CD80E8 /* MPPhotoCollectionViewCell.m in Sources */,
				C6805A741AD376EA0027CFB7 /* DGridView.m in Sources */,
				C6805A781AD376EA0027CFB7 /* LPLabel.m in Sources */,
				C6805A6F1AD376EA0027CFB7 /* NSObject+quick.m in Sources */,
				C6805A6B1AD376EA0027CFB7 /* DTimer.m in Sources */,
			);
			runOnlyForDeploymentPostprocessing = 0;
		};
		C612325B1AA97DF300CD80E8 /* Sources */ = {
			isa = PBXSourcesBuildPhase;
			buildActionMask = 2147483647;
			files = (
				C61232661AA97DF300CD80E8 /* testTests.m in Sources */,
			);
			runOnlyForDeploymentPostprocessing = 0;
		};
/* End PBXSourcesBuildPhase section */

/* Begin PBXTargetDependency section */
		C61232611AA97DF300CD80E8 /* PBXTargetDependency */ = {
			isa = PBXTargetDependency;
			target = C61232451AA97DF300CD80E8 /* test */;
			targetProxy = C61232601AA97DF300CD80E8 /* PBXContainerItemProxy */;
		};
/* End PBXTargetDependency section */

/* Begin PBXVariantGroup section */
		C61232531AA97DF300CD80E8 /* Main.storyboard */ = {
			isa = PBXVariantGroup;
			children = (
				C61232541AA97DF300CD80E8 /* Base */,
			);
			name = Main.storyboard;
			sourceTree = "<group>";
		};
		C61232581AA97DF300CD80E8 /* LaunchScreen.xib */ = {
			isa = PBXVariantGroup;
			children = (
				C61232591AA97DF300CD80E8 /* Base */,
			);
			name = LaunchScreen.xib;
			sourceTree = "<group>";
		};
/* End PBXVariantGroup section */

/* Begin XCBuildConfiguration section */
		C61232671AA97DF300CD80E8 /* Debug */ = {
			isa = XCBuildConfiguration;
			buildSettings = {
				ALWAYS_SEARCH_USER_PATHS = NO;
				CLANG_CXX_LANGUAGE_STANDARD = "gnu++0x";
				CLANG_CXX_LIBRARY = "libc++";
				CLANG_ENABLE_MODULES = YES;
				CLANG_ENABLE_OBJC_ARC = YES;
				CLANG_WARN_BOOL_CONVERSION = YES;
				CLANG_WARN_CONSTANT_CONVERSION = YES;
				CLANG_WARN_DIRECT_OBJC_ISA_USAGE = YES_ERROR;
				CLANG_WARN_EMPTY_BODY = YES;
				CLANG_WARN_ENUM_CONVERSION = YES;
				CLANG_WARN_INT_CONVERSION = YES;
				CLANG_WARN_OBJC_ROOT_CLASS = YES_ERROR;
				CLANG_WARN_UNREACHABLE_CODE = YES;
				CLANG_WARN__DUPLICATE_METHOD_MATCH = YES;
				"CODE_SIGN_IDENTITY[sdk=iphoneos*]" = "iPhone Developer";
				COPY_PHASE_STRIP = NO;
				ENABLE_STRICT_OBJC_MSGSEND = YES;
				GCC_C_LANGUAGE_STANDARD = gnu99;
				GCC_DYNAMIC_NO_PIC = NO;
				GCC_OPTIMIZATION_LEVEL = 0;
				GCC_PREPROCESSOR_DEFINITIONS = (
					"DEBUG=1",
					"$(inherited)",
				);
				GCC_SYMBOLS_PRIVATE_EXTERN = NO;
				GCC_WARN_64_TO_32_BIT_CONVERSION = YES;
				GCC_WARN_ABOUT_RETURN_TYPE = YES_ERROR;
				GCC_WARN_UNDECLARED_SELECTOR = YES;
				GCC_WARN_UNINITIALIZED_AUTOS = YES_AGGRESSIVE;
				GCC_WARN_UNUSED_FUNCTION = YES;
				GCC_WARN_UNUSED_VARIABLE = YES;
				IPHONEOS_DEPLOYMENT_TARGET = 8.1;
				MTL_ENABLE_DEBUG_INFO = YES;
				ONLY_ACTIVE_ARCH = YES;
				SDKROOT = iphoneos;
			};
			name = Debug;
		};
		C61232681AA97DF300CD80E8 /* Release */ = {
			isa = XCBuildConfiguration;
			buildSettings = {
				ALWAYS_SEARCH_USER_PATHS = NO;
				CLANG_CXX_LANGUAGE_STANDARD = "gnu++0x";
				CLANG_CXX_LIBRARY = "libc++";
				CLANG_ENABLE_MODULES = YES;
				CLANG_ENABLE_OBJC_ARC = YES;
				CLANG_WARN_BOOL_CONVERSION = YES;
				CLANG_WARN_CONSTANT_CONVERSION = YES;
				CLANG_WARN_DIRECT_OBJC_ISA_USAGE = YES_ERROR;
				CLANG_WARN_EMPTY_BODY = YES;
				CLANG_WARN_ENUM_CONVERSION = YES;
				CLANG_WARN_INT_CONVERSION = YES;
				CLANG_WARN_OBJC_ROOT_CLASS = YES_ERROR;
				CLANG_WARN_UNREACHABLE_CODE = YES;
				CLANG_WARN__DUPLICATE_METHOD_MATCH = YES;
				"CODE_SIGN_IDENTITY[sdk=iphoneos*]" = "iPhone Developer";
				COPY_PHASE_STRIP = YES;
				ENABLE_NS_ASSERTIONS = NO;
				ENABLE_STRICT_OBJC_MSGSEND = YES;
				GCC_C_LANGUAGE_STANDARD = gnu99;
				GCC_WARN_64_TO_32_BIT_CONVERSION = YES;
				GCC_WARN_ABOUT_RETURN_TYPE = YES_ERROR;
				GCC_WARN_UNDECLARED_SELECTOR = YES;
				GCC_WARN_UNINITIALIZED_AUTOS = YES_AGGRESSIVE;
				GCC_WARN_UNUSED_FUNCTION = YES;
				GCC_WARN_UNUSED_VARIABLE = YES;
				IPHONEOS_DEPLOYMENT_TARGET = 8.1;
				MTL_ENABLE_DEBUG_INFO = NO;
				SDKROOT = iphoneos;
				VALIDATE_PRODUCT = YES;
			};
			name = Release;
		};
		C612326A1AA97DF300CD80E8 /* Debug */ = {
			isa = XCBuildConfiguration;
			buildSettings = {
				ASSETCATALOG_COMPILER_APPICON_NAME = AppIcon;
				INFOPLIST_FILE = test/Info.plist;
				LD_RUNPATH_SEARCH_PATHS = "$(inherited) @executable_path/Frameworks";
				PRODUCT_NAME = "$(TARGET_NAME)";
			};
			name = Debug;
		};
		C612326B1AA97DF300CD80E8 /* Release */ = {
			isa = XCBuildConfiguration;
			buildSettings = {
				ASSETCATALOG_COMPILER_APPICON_NAME = AppIcon;
				INFOPLIST_FILE = test/Info.plist;
				LD_RUNPATH_SEARCH_PATHS = "$(inherited) @executable_path/Frameworks";
				PRODUCT_NAME = "$(TARGET_NAME)";
			};
			name = Release;
		};
		C612326D1AA97DF300CD80E8 /* Debug */ = {
			isa = XCBuildConfiguration;
			buildSettings = {
				BUNDLE_LOADER = "$(TEST_HOST)";
				FRAMEWORK_SEARCH_PATHS = (
					"$(SDKROOT)/Developer/Library/Frameworks",
					"$(inherited)",
				);
				GCC_PREPROCESSOR_DEFINITIONS = (
					"DEBUG=1",
					"$(inherited)",
				);
				INFOPLIST_FILE = testTests/Info.plist;
				LD_RUNPATH_SEARCH_PATHS = "$(inherited) @executable_path/Frameworks @loader_path/Frameworks";
				PRODUCT_NAME = "$(TARGET_NAME)";
				TEST_HOST = "$(BUILT_PRODUCTS_DIR)/test.app/test";
			};
			name = Debug;
		};
		C612326E1AA97DF300CD80E8 /* Release */ = {
			isa = XCBuildConfiguration;
			buildSettings = {
				BUNDLE_LOADER = "$(TEST_HOST)";
				FRAMEWORK_SEARCH_PATHS = (
					"$(SDKROOT)/Developer/Library/Frameworks",
					"$(inherited)",
				);
				INFOPLIST_FILE = testTests/Info.plist;
				LD_RUNPATH_SEARCH_PATHS = "$(inherited) @executable_path/Frameworks @loader_path/Frameworks";
				PRODUCT_NAME = "$(TARGET_NAME)";
				TEST_HOST = "$(BUILT_PRODUCTS_DIR)/test.app/test";
			};
			name = Release;
		};
/* End XCBuildConfiguration section */

/* Begin XCConfigurationList section */
		C61232411AA97DF300CD80E8 /* Build configuration list for PBXProject "test" */ = {
			isa = XCConfigurationList;
			buildConfigurations = (
				C61232671AA97DF300CD80E8 /* Debug */,
				C61232681AA97DF300CD80E8 /* Release */,
			);
			defaultConfigurationIsVisible = 0;
			defaultConfigurationName = Release;
		};
		C61232691AA97DF300CD80E8 /* Build configuration list for PBXNativeTarget "test" */ = {
			isa = XCConfigurationList;
			buildConfigurations = (
				C612326A1AA97DF300CD80E8 /* Debug */,
				C612326B1AA97DF300CD80E8 /* Release */,
			);
			defaultConfigurationIsVisible = 0;
			defaultConfigurationName = Release;
		};
		C612326C1AA97DF300CD80E8 /* Build configuration list for PBXNativeTarget "testTests" */ = {
			isa = XCConfigurationList;
			buildConfigurations = (
				C612326D1AA97DF300CD80E8 /* Debug */,
				C612326E1AA97DF300CD80E8 /* Release */,
			);
			defaultConfigurationIsVisible = 0;
			defaultConfigurationName = Release;
		};
/* End XCConfigurationList section */
	};
	rootObject = C612323E1AA97DF300CD80E8 /* Project object */;
}
